// !$*UTF8*$!
{
	archiveVersion = 1;
	classes = {
	};
	objectVersion = 48;
	objects = {

/* Begin PBXBuildFile section */
		04FB28C7D9E72FC13CDE27E4 /* Pods_ClassAttendanceTests.framework in Frameworks */ = {isa = PBXBuildFile; fileRef = C6B13755DEB9FC311D71547F /* Pods_ClassAttendanceTests.framework */; };
		50D93EAAF56536756D632C9A /* StudentManager.swift in Sources */ = {isa = PBXBuildFile; fileRef = 50D93B484A0029D4F69B9F24 /* StudentManager.swift */; };
		700A62EF205E8C1200AFDD18 /* CreatClassController.swift in Sources */ = {isa = PBXBuildFile; fileRef = 700A62EE205E8C1200AFDD18 /* CreatClassController.swift */; };
		7011F3D8205A89A6007B9AD4 /* AccountManager.swift in Sources */ = {isa = PBXBuildFile; fileRef = 7011F3D7205A89A6007B9AD4 /* AccountManager.swift */; };
		7011F3DA205A8B20007B9AD4 /* DatabaseManager.swift in Sources */ = {isa = PBXBuildFile; fileRef = 7011F3D9205A8B20007B9AD4 /* DatabaseManager.swift */; };
		703F26B320810A6D00AD7FB4 /* ManagerProtocol.swift in Sources */ = {isa = PBXBuildFile; fileRef = 703F26B220810A6D00AD7FB4 /* ManagerProtocol.swift */; };
		703F26B520810DE800AD7FB4 /* AttendanceManager.swift in Sources */ = {isa = PBXBuildFile; fileRef = 703F26B420810DE800AD7FB4 /* AttendanceManager.swift */; };
		7053F1E220613E1300CDB402 /* TextFiledView.xib in Resources */ = {isa = PBXBuildFile; fileRef = 7053F1E120613E1300CDB402 /* TextFiledView.xib */; };
		7053F1E420613EA400CDB402 /* TextFiledView.swift in Sources */ = {isa = PBXBuildFile; fileRef = 7053F1E320613EA400CDB402 /* TextFiledView.swift */; };
		708043112078A68C005F7675 /* ClassManager.swift in Sources */ = {isa = PBXBuildFile; fileRef = 708043102078A68C005F7675 /* ClassManager.swift */; };
		70863DAD2068C1200019CF27 /* ClassTimeManager.swift in Sources */ = {isa = PBXBuildFile; fileRef = 70863DAC2068C1200019CF27 /* ClassTimeManager.swift */; };
		70863E002068C5CD0019CF27 /* Array+Extensions.swift in Sources */ = {isa = PBXBuildFile; fileRef = 70863DB12068C5CD0019CF27 /* Array+Extensions.swift */; };
		70863E012068C5CD0019CF27 /* Common+Extensions.swift in Sources */ = {isa = PBXBuildFile; fileRef = 70863DB22068C5CD0019CF27 /* Common+Extensions.swift */; };
		70863E022068C5CD0019CF27 /* Date+Extension.swift in Sources */ = {isa = PBXBuildFile; fileRef = 70863DB32068C5CD0019CF27 /* Date+Extension.swift */; };
		70863E032068C5CD0019CF27 /* Locale+Extensions.swift in Sources */ = {isa = PBXBuildFile; fileRef = 70863DB42068C5CD0019CF27 /* Locale+Extensions.swift */; };
		70863E042068C5CD0019CF27 /* Optional+Extensions.swift in Sources */ = {isa = PBXBuildFile; fileRef = 70863DB52068C5CD0019CF27 /* Optional+Extensions.swift */; };
		70863E052068C5CD0019CF27 /* String+Extensions.swift in Sources */ = {isa = PBXBuildFile; fileRef = 70863DB62068C5CD0019CF27 /* String+Extensions.swift */; };
		70863E062068C5CD0019CF27 /* UIAlertController+Extensions.swift in Sources */ = {isa = PBXBuildFile; fileRef = 70863DB72068C5CD0019CF27 /* UIAlertController+Extensions.swift */; };
		70863E072068C5CD0019CF27 /* UIApplication+Extensions.swift in Sources */ = {isa = PBXBuildFile; fileRef = 70863DB82068C5CD0019CF27 /* UIApplication+Extensions.swift */; };
		70863E082068C5CD0019CF27 /* UIColor+Extensions.swift in Sources */ = {isa = PBXBuildFile; fileRef = 70863DB92068C5CD0019CF27 /* UIColor+Extensions.swift */; };
		70863E092068C5CD0019CF27 /* UIImage+Extensions.swift in Sources */ = {isa = PBXBuildFile; fileRef = 70863DBA2068C5CD0019CF27 /* UIImage+Extensions.swift */; };
		70863E0A2068C5CD0019CF27 /* UIImageView+Extensions.swift in Sources */ = {isa = PBXBuildFile; fileRef = 70863DBB2068C5CD0019CF27 /* UIImageView+Extensions.swift */; };
		70863E0B2068C5CD0019CF27 /* UISearchBar+Extensions.swift in Sources */ = {isa = PBXBuildFile; fileRef = 70863DBC2068C5CD0019CF27 /* UISearchBar+Extensions.swift */; };
		70863E0C2068C5CD0019CF27 /* UISegmentedControl+Extensions.swift in Sources */ = {isa = PBXBuildFile; fileRef = 70863DBD2068C5CD0019CF27 /* UISegmentedControl+Extensions.swift */; };
		70863E0D2068C5CD0019CF27 /* UITextField+Extensions.swift in Sources */ = {isa = PBXBuildFile; fileRef = 70863DBE2068C5CD0019CF27 /* UITextField+Extensions.swift */; };
		70863E0E2068C5CD0019CF27 /* UITextView+Extensions.swift in Sources */ = {isa = PBXBuildFile; fileRef = 70863DBF2068C5CD0019CF27 /* UITextView+Extensions.swift */; };
		70863E0F2068C5CD0019CF27 /* UIView+Extensions.swift in Sources */ = {isa = PBXBuildFile; fileRef = 70863DC02068C5CD0019CF27 /* UIView+Extensions.swift */; };
		70863E102068C5CD0019CF27 /* UIViewController+Extensions.swift in Sources */ = {isa = PBXBuildFile; fileRef = 70863DC12068C5CD0019CF27 /* UIViewController+Extensions.swift */; };
		70863E112068C5CD0019CF27 /* ColorPickerViewController.swift in Sources */ = {isa = PBXBuildFile; fileRef = 70863DC42068C5CD0019CF27 /* ColorPickerViewController.swift */; };
		70863E122068C5CD0019CF27 /* ContactsPickerViewController.swift in Sources */ = {isa = PBXBuildFile; fileRef = 70863DC62068C5CD0019CF27 /* ContactsPickerViewController.swift */; };
		70863E132068C5CD0019CF27 /* Contacts.swift in Sources */ = {isa = PBXBuildFile; fileRef = 70863DC82068C5CD0019CF27 /* Contacts.swift */; };
		70863E142068C5CD0019CF27 /* Contact.swift in Sources */ = {isa = PBXBuildFile; fileRef = 70863DCA2068C5CD0019CF27 /* Contact.swift */; };
		70863E152068C5CD0019CF27 /* ContactCell.swift in Sources */ = {isa = PBXBuildFile; fileRef = 70863DCC2068C5CD0019CF27 /* ContactCell.swift */; };
		70863E162068C5CD0019CF27 /* DatePickerViewController.swift in Sources */ = {isa = PBXBuildFile; fileRef = 70863DCE2068C5CD0019CF27 /* DatePickerViewController.swift */; };
		70863E172068C5CD0019CF27 /* ImagePickerViewController.swift in Sources */ = {isa = PBXBuildFile; fileRef = 70863DD02068C5CD0019CF27 /* ImagePickerViewController.swift */; };
		70863E182068C5CD0019CF27 /* ItemWithImage.swift in Sources */ = {isa = PBXBuildFile; fileRef = 70863DD22068C5CD0019CF27 /* ItemWithImage.swift */; };
		70863E192068C5CD0019CF27 /* Countries.bundle in Resources */ = {isa = PBXBuildFile; fileRef = 70863DD42068C5CD0019CF27 /* Countries.bundle */; };
		70863E1A2068C5CD0019CF27 /* LocalePickerViewController.swift in Sources */ = {isa = PBXBuildFile; fileRef = 70863DD52068C5CD0019CF27 /* LocalePickerViewController.swift */; };
		70863E1B2068C5CD0019CF27 /* LocaleStore.swift in Sources */ = {isa = PBXBuildFile; fileRef = 70863DD72068C5CD0019CF27 /* LocaleStore.swift */; };
		70863E1C2068C5CD0019CF27 /* LocaleInfo.swift in Sources */ = {isa = PBXBuildFile; fileRef = 70863DD92068C5CD0019CF27 /* LocaleInfo.swift */; };
		70863E1D2068C5CD0019CF27 /* CountryCell.swift in Sources */ = {isa = PBXBuildFile; fileRef = 70863DDB2068C5CD0019CF27 /* CountryCell.swift */; };
		70863E1E2068C5CD0019CF27 /* CurrencyCell.swift in Sources */ = {isa = PBXBuildFile; fileRef = 70863DDC2068C5CD0019CF27 /* CurrencyCell.swift */; };
		70863E1F2068C5CD0019CF27 /* PhoneCodeCell.swift in Sources */ = {isa = PBXBuildFile; fileRef = 70863DDD2068C5CD0019CF27 /* PhoneCodeCell.swift */; };
		70863E202068C5CD0019CF27 /* LocationPickerViewController.swift in Sources */ = {isa = PBXBuildFile; fileRef = 70863DDF2068C5CD0019CF27 /* LocationPickerViewController.swift */; };
		70863E212068C5CD0019CF27 /* LocationSearchResultsViewController.swift in Sources */ = {isa = PBXBuildFile; fileRef = 70863DE02068C5CD0019CF27 /* LocationSearchResultsViewController.swift */; };
		70863E222068C5CD0019CF27 /* SearchHistoryManager.swift in Sources */ = {isa = PBXBuildFile; fileRef = 70863DE22068C5CD0019CF27 /* SearchHistoryManager.swift */; };
		70863E232068C5CD0019CF27 /* Address.swift in Sources */ = {isa = PBXBuildFile; fileRef = 70863DE42068C5CD0019CF27 /* Address.swift */; };
		70863E242068C5CD0019CF27 /* Location.swift in Sources */ = {isa = PBXBuildFile; fileRef = 70863DE52068C5CD0019CF27 /* Location.swift */; };
		70863E252068C5CD0019CF27 /* Assets.swift in Sources */ = {isa = PBXBuildFile; fileRef = 70863DE82068C5CD0019CF27 /* Assets.swift */; };
		70863E262068C5CD0019CF27 /* PhotoLibraryPickerViewController.swift in Sources */ = {isa = PBXBuildFile; fileRef = 70863DE92068C5CD0019CF27 /* PhotoLibraryPickerViewController.swift */; };
		70863E272068C5CD0019CF27 /* PickerViewViewController.swift in Sources */ = {isa = PBXBuildFile; fileRef = 70863DEB2068C5CD0019CF27 /* PickerViewViewController.swift */; };
		70863E282068C5CD0019CF27 /* PhotoLayout.swift in Sources */ = {isa = PBXBuildFile; fileRef = 70863DEE2068C5CD0019CF27 /* PhotoLayout.swift */; };
		70863E292068C5CD0019CF27 /* TelegramPickerViewController.swift in Sources */ = {isa = PBXBuildFile; fileRef = 70863DEF2068C5CD0019CF27 /* TelegramPickerViewController.swift */; };
		70863E2A2068C5CD0019CF27 /* ItemWithPhoto.swift in Sources */ = {isa = PBXBuildFile; fileRef = 70863DF12068C5CD0019CF27 /* ItemWithPhoto.swift */; };
		70863E2B2068C5CD0019CF27 /* LikeButtonCell.swift in Sources */ = {isa = PBXBuildFile; fileRef = 70863DF22068C5CD0019CF27 /* LikeButtonCell.swift */; };
		70863E2C2068C5CD0019CF27 /* OneTextFieldViewController.swift in Sources */ = {isa = PBXBuildFile; fileRef = 70863DF42068C5CD0019CF27 /* OneTextFieldViewController.swift */; };
		70863E2D2068C5CD0019CF27 /* TwoTextFieldsViewController.swift in Sources */ = {isa = PBXBuildFile; fileRef = 70863DF52068C5CD0019CF27 /* TwoTextFieldsViewController.swift */; };
		70863E2E2068C5CD0019CF27 /* AttributedTextBlock.swift in Sources */ = {isa = PBXBuildFile; fileRef = 70863DF82068C5CD0019CF27 /* AttributedTextBlock.swift */; };
		70863E2F2068C5CD0019CF27 /* TextViewController.swift in Sources */ = {isa = PBXBuildFile; fileRef = 70863DF92068C5CD0019CF27 /* TextViewController.swift */; };
		70863E302068C5CD0019CF27 /* Button.swift in Sources */ = {isa = PBXBuildFile; fileRef = 70863DFB2068C5CD0019CF27 /* Button.swift */; };
		70863E312068C5CD0019CF27 /* GradientSlider.swift in Sources */ = {isa = PBXBuildFile; fileRef = 70863DFC2068C5CD0019CF27 /* GradientSlider.swift */; };
		70863E322068C5CD0019CF27 /* Label.swift in Sources */ = {isa = PBXBuildFile; fileRef = 70863DFD2068C5CD0019CF27 /* Label.swift */; };
		70863E332068C5CD0019CF27 /* SegmentedControl.swift in Sources */ = {isa = PBXBuildFile; fileRef = 70863DFE2068C5CD0019CF27 /* SegmentedControl.swift */; };
		70863E342068C5CD0019CF27 /* TextField.swift in Sources */ = {isa = PBXBuildFile; fileRef = 70863DFF2068C5CD0019CF27 /* TextField.swift */; };
		709C8E1A2081D7E300AF1821 /* DetailViewController.swift in Sources */ = {isa = PBXBuildFile; fileRef = 709C8E192081D7E300AF1821 /* DetailViewController.swift */; };
		709C8E1C2081DBBC00AF1821 /* CellAnimation.swift in Sources */ = {isa = PBXBuildFile; fileRef = 709C8E1B2081DBBC00AF1821 /* CellAnimation.swift */; };
		709C8E1F2081DDF400AF1821 /* AnimationCell.swift in Sources */ = {isa = PBXBuildFile; fileRef = 709C8E1E2081DDF400AF1821 /* AnimationCell.swift */; };
		709C8E212081E39500AF1821 /* AttendanceRecordCell.swift in Sources */ = {isa = PBXBuildFile; fileRef = 709C8E202081E39500AF1821 /* AttendanceRecordCell.swift */; };
		709DF566207F988400D3C522 /* CallTheRollManager.swift in Sources */ = {isa = PBXBuildFile; fileRef = 709DF565207F988400D3C522 /* CallTheRollManager.swift */; };
		709DF568207FACE600D3C522 /* Extensions.swift in Sources */ = {isa = PBXBuildFile; fileRef = 709DF567207FACE600D3C522 /* Extensions.swift */; };
		70AF2E91207B46C700A58F3A /* MyClassCell.swift in Sources */ = {isa = PBXBuildFile; fileRef = 70AF2E90207B46C700A58F3A /* MyClassCell.swift */; };
		70C10FC82070F2FD00E0F289 /* AddStudentController.swift in Sources */ = {isa = PBXBuildFile; fileRef = 70C10FC72070F2FD00E0F289 /* AddStudentController.swift */; };
		70CEADD02059593200CD2900 /* SignUpViewController.swift in Sources */ = {isa = PBXBuildFile; fileRef = 70CEADCF2059593200CD2900 /* SignUpViewController.swift */; };
		70D7858E2057EE98002483F1 /* AppDelegate.swift in Sources */ = {isa = PBXBuildFile; fileRef = 70D7858D2057EE98002483F1 /* AppDelegate.swift */; };
		70D785932057EE98002483F1 /* Main.storyboard in Resources */ = {isa = PBXBuildFile; fileRef = 70D785912057EE98002483F1 /* Main.storyboard */; };
		70D785952057EE98002483F1 /* Assets.xcassets in Resources */ = {isa = PBXBuildFile; fileRef = 70D785942057EE98002483F1 /* Assets.xcassets */; };
		70D785982057EE98002483F1 /* LaunchScreen.storyboard in Resources */ = {isa = PBXBuildFile; fileRef = 70D785962057EE98002483F1 /* LaunchScreen.storyboard */; };
		70D785A32057EE98002483F1 /* ClassAttendanceTests.swift in Sources */ = {isa = PBXBuildFile; fileRef = 70D785A22057EE98002483F1 /* ClassAttendanceTests.swift */; };
		70D785AE2057EE99002483F1 /* ClassAttendanceUITests.swift in Sources */ = {isa = PBXBuildFile; fileRef = 70D785AD2057EE99002483F1 /* ClassAttendanceUITests.swift */; };
		70D785BF2057EF99002483F1 /* MainViewController.swift in Sources */ = {isa = PBXBuildFile; fileRef = 70D785BE2057EF99002483F1 /* MainViewController.swift */; };
		70D785C12057EFA4002483F1 /* BaseViewController.swift in Sources */ = {isa = PBXBuildFile; fileRef = 70D785C02057EFA4002483F1 /* BaseViewController.swift */; };
		70D785C32057EFB0002483F1 /* NavViewController.swift in Sources */ = {isa = PBXBuildFile; fileRef = 70D785C22057EFB0002483F1 /* NavViewController.swift */; };
		70D785C52057EFDF002483F1 /* HomeViewController.swift in Sources */ = {isa = PBXBuildFile; fileRef = 70D785C42057EFDF002483F1 /* HomeViewController.swift */; };
		70D785C72057F0B2002483F1 /* UserModel.swift in Sources */ = {isa = PBXBuildFile; fileRef = 70D785C62057F0B2002483F1 /* UserModel.swift */; };
		70D8F2922059377B0059A24E /* LoginViewController.swift in Sources */ = {isa = PBXBuildFile; fileRef = 70D8F2912059377B0059A24E /* LoginViewController.swift */; };
		70D8F2942059388F0059A24E /* Commons.swift in Sources */ = {isa = PBXBuildFile; fileRef = 70D8F2932059388E0059A24E /* Commons.swift */; };
		70D8F29720593C3E0059A24E /* Constans.swift in Sources */ = {isa = PBXBuildFile; fileRef = 70D8F29620593C3E0059A24E /* Constans.swift */; };
		70D8F29920593E020059A24E /* UICommons.swift in Sources */ = {isa = PBXBuildFile; fileRef = 70D8F29820593E020059A24E /* UICommons.swift */; };
		70D8F2A6205947870059A24E /* InputView.xib in Resources */ = {isa = PBXBuildFile; fileRef = 70D8F2A4205947870059A24E /* InputView.xib */; };
		70D8F2A7205947870059A24E /* InputView.swift in Sources */ = {isa = PBXBuildFile; fileRef = 70D8F2A5205947870059A24E /* InputView.swift */; };
		70F5B644206A671700EEADE6 /* ClassViewController.swift in Sources */ = {isa = PBXBuildFile; fileRef = 70F5B643206A671700EEADE6 /* ClassViewController.swift */; };
		70F5B654206A6CFB00EEADE6 /* ClassStudentCell.swift in Sources */ = {isa = PBXBuildFile; fileRef = 70F5B653206A6CFB00EEADE6 /* ClassStudentCell.swift */; };
		B1595D7C11BA5C414F660C33 /* Pods_ClassAttendance.framework in Frameworks */ = {isa = PBXBuildFile; fileRef = 8B26E9C93A54A825C69A4834 /* Pods_ClassAttendance.framework */; };
		FE3DD4A8C81E7C185866E0D7 /* Pods_ClassAttendanceUITests.framework in Frameworks */ = {isa = PBXBuildFile; fileRef = 95079032CCDD42A25C9D97CC /* Pods_ClassAttendanceUITests.framework */; };
/* End PBXBuildFile section */

/* Begin PBXContainerItemProxy section */
		70D7859F2057EE98002483F1 /* PBXContainerItemProxy */ = {
			isa = PBXContainerItemProxy;
			containerPortal = 70D785822057EE98002483F1 /* Project object */;
			proxyType = 1;
			remoteGlobalIDString = 70D785892057EE98002483F1;
			remoteInfo = ClassAttendance;
		};
		70D785AA2057EE99002483F1 /* PBXContainerItemProxy */ = {
			isa = PBXContainerItemProxy;
			containerPortal = 70D785822057EE98002483F1 /* Project object */;
			proxyType = 1;
			remoteGlobalIDString = 70D785892057EE98002483F1;
			remoteInfo = ClassAttendance;
		};
/* End PBXContainerItemProxy section */

/* Begin PBXFileReference section */
		13AD5BF719D676565BC45A2B /* Pods-ClassAttendanceTests.debug.xcconfig */ = {isa = PBXFileReference; includeInIndex = 1; lastKnownFileType = text.xcconfig; name = "Pods-ClassAttendanceTests.debug.xcconfig"; path = "Pods/Target Support Files/Pods-ClassAttendanceTests/Pods-ClassAttendanceTests.debug.xcconfig"; sourceTree = "<group>"; };
		4B8B930EFB95504CF536AE70 /* Pods-ClassAttendanceUITests.release.xcconfig */ = {isa = PBXFileReference; includeInIndex = 1; lastKnownFileType = text.xcconfig; name = "Pods-ClassAttendanceUITests.release.xcconfig"; path = "Pods/Target Support Files/Pods-ClassAttendanceUITests/Pods-ClassAttendanceUITests.release.xcconfig"; sourceTree = "<group>"; };
		50D93B484A0029D4F69B9F24 /* StudentManager.swift */ = {isa = PBXFileReference; fileEncoding = 4; lastKnownFileType = sourcecode.swift; path = StudentManager.swift; sourceTree = "<group>"; };
		700A62EE205E8C1200AFDD18 /* CreatClassController.swift */ = {isa = PBXFileReference; lastKnownFileType = sourcecode.swift; path = CreatClassController.swift; sourceTree = "<group>"; };
		7011F3D7205A89A6007B9AD4 /* AccountManager.swift */ = {isa = PBXFileReference; lastKnownFileType = sourcecode.swift; path = AccountManager.swift; sourceTree = "<group>"; };
		7011F3D9205A8B20007B9AD4 /* DatabaseManager.swift */ = {isa = PBXFileReference; lastKnownFileType = sourcecode.swift; path = DatabaseManager.swift; sourceTree = "<group>"; };
		703F26B220810A6D00AD7FB4 /* ManagerProtocol.swift */ = {isa = PBXFileReference; lastKnownFileType = sourcecode.swift; path = ManagerProtocol.swift; sourceTree = "<group>"; };
		703F26B420810DE800AD7FB4 /* AttendanceManager.swift */ = {isa = PBXFileReference; lastKnownFileType = sourcecode.swift; path = AttendanceManager.swift; sourceTree = "<group>"; };
		7053F1E120613E1300CDB402 /* TextFiledView.xib */ = {isa = PBXFileReference; lastKnownFileType = file.xib; path = TextFiledView.xib; sourceTree = "<group>"; };
		7053F1E320613EA400CDB402 /* TextFiledView.swift */ = {isa = PBXFileReference; lastKnownFileType = sourcecode.swift; path = TextFiledView.swift; sourceTree = "<group>"; };
		708043102078A68C005F7675 /* ClassManager.swift */ = {isa = PBXFileReference; lastKnownFileType = sourcecode.swift; path = ClassManager.swift; sourceTree = "<group>"; };
		70863DAC2068C1200019CF27 /* ClassTimeManager.swift */ = {isa = PBXFileReference; lastKnownFileType = sourcecode.swift; path = ClassTimeManager.swift; sourceTree = "<group>"; };
		70863DB12068C5CD0019CF27 /* Array+Extensions.swift */ = {isa = PBXFileReference; fileEncoding = 4; lastKnownFileType = sourcecode.swift; path = "Array+Extensions.swift"; sourceTree = "<group>"; };
		70863DB22068C5CD0019CF27 /* Common+Extensions.swift */ = {isa = PBXFileReference; fileEncoding = 4; lastKnownFileType = sourcecode.swift; path = "Common+Extensions.swift"; sourceTree = "<group>"; };
		70863DB32068C5CD0019CF27 /* Date+Extension.swift */ = {isa = PBXFileReference; fileEncoding = 4; lastKnownFileType = sourcecode.swift; path = "Date+Extension.swift"; sourceTree = "<group>"; };
		70863DB42068C5CD0019CF27 /* Locale+Extensions.swift */ = {isa = PBXFileReference; fileEncoding = 4; lastKnownFileType = sourcecode.swift; path = "Locale+Extensions.swift"; sourceTree = "<group>"; };
		70863DB52068C5CD0019CF27 /* Optional+Extensions.swift */ = {isa = PBXFileReference; fileEncoding = 4; lastKnownFileType = sourcecode.swift; path = "Optional+Extensions.swift"; sourceTree = "<group>"; };
		70863DB62068C5CD0019CF27 /* String+Extensions.swift */ = {isa = PBXFileReference; fileEncoding = 4; lastKnownFileType = sourcecode.swift; path = "String+Extensions.swift"; sourceTree = "<group>"; };
		70863DB72068C5CD0019CF27 /* UIAlertController+Extensions.swift */ = {isa = PBXFileReference; fileEncoding = 4; lastKnownFileType = sourcecode.swift; path = "UIAlertController+Extensions.swift"; sourceTree = "<group>"; };
		70863DB82068C5CD0019CF27 /* UIApplication+Extensions.swift */ = {isa = PBXFileReference; fileEncoding = 4; lastKnownFileType = sourcecode.swift; path = "UIApplication+Extensions.swift"; sourceTree = "<group>"; };
		70863DB92068C5CD0019CF27 /* UIColor+Extensions.swift */ = {isa = PBXFileReference; fileEncoding = 4; lastKnownFileType = sourcecode.swift; path = "UIColor+Extensions.swift"; sourceTree = "<group>"; };
		70863DBA2068C5CD0019CF27 /* UIImage+Extensions.swift */ = {isa = PBXFileReference; fileEncoding = 4; lastKnownFileType = sourcecode.swift; path = "UIImage+Extensions.swift"; sourceTree = "<group>"; };
		70863DBB2068C5CD0019CF27 /* UIImageView+Extensions.swift */ = {isa = PBXFileReference; fileEncoding = 4; lastKnownFileType = sourcecode.swift; path = "UIImageView+Extensions.swift"; sourceTree = "<group>"; };
		70863DBC2068C5CD0019CF27 /* UISearchBar+Extensions.swift */ = {isa = PBXFileReference; fileEncoding = 4; lastKnownFileType = sourcecode.swift; path = "UISearchBar+Extensions.swift"; sourceTree = "<group>"; };
		70863DBD2068C5CD0019CF27 /* UISegmentedControl+Extensions.swift */ = {isa = PBXFileReference; fileEncoding = 4; lastKnownFileType = sourcecode.swift; path = "UISegmentedControl+Extensions.swift"; sourceTree = "<group>"; };
		70863DBE2068C5CD0019CF27 /* UITextField+Extensions.swift */ = {isa = PBXFileReference; fileEncoding = 4; lastKnownFileType = sourcecode.swift; path = "UITextField+Extensions.swift"; sourceTree = "<group>"; };
		70863DBF2068C5CD0019CF27 /* UITextView+Extensions.swift */ = {isa = PBXFileReference; fileEncoding = 4; lastKnownFileType = sourcecode.swift; path = "UITextView+Extensions.swift"; sourceTree = "<group>"; };
		70863DC02068C5CD0019CF27 /* UIView+Extensions.swift */ = {isa = PBXFileReference; fileEncoding = 4; lastKnownFileType = sourcecode.swift; path = "UIView+Extensions.swift"; sourceTree = "<group>"; };
		70863DC12068C5CD0019CF27 /* UIViewController+Extensions.swift */ = {isa = PBXFileReference; fileEncoding = 4; lastKnownFileType = sourcecode.swift; path = "UIViewController+Extensions.swift"; sourceTree = "<group>"; };
		70863DC42068C5CD0019CF27 /* ColorPickerViewController.swift */ = {isa = PBXFileReference; fileEncoding = 4; lastKnownFileType = sourcecode.swift; path = ColorPickerViewController.swift; sourceTree = "<group>"; };
		70863DC62068C5CD0019CF27 /* ContactsPickerViewController.swift */ = {isa = PBXFileReference; fileEncoding = 4; lastKnownFileType = sourcecode.swift; path = ContactsPickerViewController.swift; sourceTree = "<group>"; };
		70863DC82068C5CD0019CF27 /* Contacts.swift */ = {isa = PBXFileReference; fileEncoding = 4; lastKnownFileType = sourcecode.swift; path = Contacts.swift; sourceTree = "<group>"; };
		70863DCA2068C5CD0019CF27 /* Contact.swift */ = {isa = PBXFileReference; fileEncoding = 4; lastKnownFileType = sourcecode.swift; path = Contact.swift; sourceTree = "<group>"; };
		70863DCC2068C5CD0019CF27 /* ContactCell.swift */ = {isa = PBXFileReference; fileEncoding = 4; lastKnownFileType = sourcecode.swift; path = ContactCell.swift; sourceTree = "<group>"; };
		70863DCE2068C5CD0019CF27 /* DatePickerViewController.swift */ = {isa = PBXFileReference; fileEncoding = 4; lastKnownFileType = sourcecode.swift; path = DatePickerViewController.swift; sourceTree = "<group>"; };
		70863DD02068C5CD0019CF27 /* ImagePickerViewController.swift */ = {isa = PBXFileReference; fileEncoding = 4; lastKnownFileType = sourcecode.swift; path = ImagePickerViewController.swift; sourceTree = "<group>"; };
		70863DD22068C5CD0019CF27 /* ItemWithImage.swift */ = {isa = PBXFileReference; fileEncoding = 4; lastKnownFileType = sourcecode.swift; path = ItemWithImage.swift; sourceTree = "<group>"; };
		70863DD42068C5CD0019CF27 /* Countries.bundle */ = {isa = PBXFileReference; lastKnownFileType = "wrapper.plug-in"; path = Countries.bundle; sourceTree = "<group>"; };
		70863DD52068C5CD0019CF27 /* LocalePickerViewController.swift */ = {isa = PBXFileReference; fileEncoding = 4; lastKnownFileType = sourcecode.swift; path = LocalePickerViewController.swift; sourceTree = "<group>"; };
		70863DD72068C5CD0019CF27 /* LocaleStore.swift */ = {isa = PBXFileReference; fileEncoding = 4; lastKnownFileType = sourcecode.swift; path = LocaleStore.swift; sourceTree = "<group>"; };
		70863DD92068C5CD0019CF27 /* LocaleInfo.swift */ = {isa = PBXFileReference; fileEncoding = 4; lastKnownFileType = sourcecode.swift; path = LocaleInfo.swift; sourceTree = "<group>"; };
		70863DDB2068C5CD0019CF27 /* CountryCell.swift */ = {isa = PBXFileReference; fileEncoding = 4; lastKnownFileType = sourcecode.swift; path = CountryCell.swift; sourceTree = "<group>"; };
		70863DDC2068C5CD0019CF27 /* CurrencyCell.swift */ = {isa = PBXFileReference; fileEncoding = 4; lastKnownFileType = sourcecode.swift; path = CurrencyCell.swift; sourceTree = "<group>"; };
		70863DDD2068C5CD0019CF27 /* PhoneCodeCell.swift */ = {isa = PBXFileReference; fileEncoding = 4; lastKnownFileType = sourcecode.swift; path = PhoneCodeCell.swift; sourceTree = "<group>"; };
		70863DDF2068C5CD0019CF27 /* LocationPickerViewController.swift */ = {isa = PBXFileReference; fileEncoding = 4; lastKnownFileType = sourcecode.swift; path = LocationPickerViewController.swift; sourceTree = "<group>"; };
		70863DE02068C5CD0019CF27 /* LocationSearchResultsViewController.swift */ = {isa = PBXFileReference; fileEncoding = 4; lastKnownFileType = sourcecode.swift; path = LocationSearchResultsViewController.swift; sourceTree = "<group>"; };
		70863DE22068C5CD0019CF27 /* SearchHistoryManager.swift */ = {isa = PBXFileReference; fileEncoding = 4; lastKnownFileType = sourcecode.swift; path = SearchHistoryManager.swift; sourceTree = "<group>"; };
		70863DE42068C5CD0019CF27 /* Address.swift */ = {isa = PBXFileReference; fileEncoding = 4; lastKnownFileType = sourcecode.swift; path = Address.swift; sourceTree = "<group>"; };
		70863DE52068C5CD0019CF27 /* Location.swift */ = {isa = PBXFileReference; fileEncoding = 4; lastKnownFileType = sourcecode.swift; path = Location.swift; sourceTree = "<group>"; };
		70863DE82068C5CD0019CF27 /* Assets.swift */ = {isa = PBXFileReference; fileEncoding = 4; lastKnownFileType = sourcecode.swift; path = Assets.swift; sourceTree = "<group>"; };
		70863DE92068C5CD0019CF27 /* PhotoLibraryPickerViewController.swift */ = {isa = PBXFileReference; fileEncoding = 4; lastKnownFileType = sourcecode.swift; path = PhotoLibraryPickerViewController.swift; sourceTree = "<group>"; };
		70863DEB2068C5CD0019CF27 /* PickerViewViewController.swift */ = {isa = PBXFileReference; fileEncoding = 4; lastKnownFileType = sourcecode.swift; path = PickerViewViewController.swift; sourceTree = "<group>"; };
		70863DEE2068C5CD0019CF27 /* PhotoLayout.swift */ = {isa = PBXFileReference; fileEncoding = 4; lastKnownFileType = sourcecode.swift; path = PhotoLayout.swift; sourceTree = "<group>"; };
		70863DEF2068C5CD0019CF27 /* TelegramPickerViewController.swift */ = {isa = PBXFileReference; fileEncoding = 4; lastKnownFileType = sourcecode.swift; path = TelegramPickerViewController.swift; sourceTree = "<group>"; };
		70863DF12068C5CD0019CF27 /* ItemWithPhoto.swift */ = {isa = PBXFileReference; fileEncoding = 4; lastKnownFileType = sourcecode.swift; path = ItemWithPhoto.swift; sourceTree = "<group>"; };
		70863DF22068C5CD0019CF27 /* LikeButtonCell.swift */ = {isa = PBXFileReference; fileEncoding = 4; lastKnownFileType = sourcecode.swift; path = LikeButtonCell.swift; sourceTree = "<group>"; };
		70863DF42068C5CD0019CF27 /* OneTextFieldViewController.swift */ = {isa = PBXFileReference; fileEncoding = 4; lastKnownFileType = sourcecode.swift; path = OneTextFieldViewController.swift; sourceTree = "<group>"; };
		70863DF52068C5CD0019CF27 /* TwoTextFieldsViewController.swift */ = {isa = PBXFileReference; fileEncoding = 4; lastKnownFileType = sourcecode.swift; path = TwoTextFieldsViewController.swift; sourceTree = "<group>"; };
		70863DF82068C5CD0019CF27 /* AttributedTextBlock.swift */ = {isa = PBXFileReference; fileEncoding = 4; lastKnownFileType = sourcecode.swift; path = AttributedTextBlock.swift; sourceTree = "<group>"; };
		70863DF92068C5CD0019CF27 /* TextViewController.swift */ = {isa = PBXFileReference; fileEncoding = 4; lastKnownFileType = sourcecode.swift; path = TextViewController.swift; sourceTree = "<group>"; };
		70863DFB2068C5CD0019CF27 /* Button.swift */ = {isa = PBXFileReference; fileEncoding = 4; lastKnownFileType = sourcecode.swift; path = Button.swift; sourceTree = "<group>"; };
		70863DFC2068C5CD0019CF27 /* GradientSlider.swift */ = {isa = PBXFileReference; fileEncoding = 4; lastKnownFileType = sourcecode.swift; path = GradientSlider.swift; sourceTree = "<group>"; };
		70863DFD2068C5CD0019CF27 /* Label.swift */ = {isa = PBXFileReference; fileEncoding = 4; lastKnownFileType = sourcecode.swift; path = Label.swift; sourceTree = "<group>"; };
		70863DFE2068C5CD0019CF27 /* SegmentedControl.swift */ = {isa = PBXFileReference; fileEncoding = 4; lastKnownFileType = sourcecode.swift; path = SegmentedControl.swift; sourceTree = "<group>"; };
		70863DFF2068C5CD0019CF27 /* TextField.swift */ = {isa = PBXFileReference; fileEncoding = 4; lastKnownFileType = sourcecode.swift; path = TextField.swift; sourceTree = "<group>"; };
		709C8E192081D7E300AF1821 /* DetailViewController.swift */ = {isa = PBXFileReference; lastKnownFileType = sourcecode.swift; path = DetailViewController.swift; sourceTree = "<group>"; };
		709C8E1B2081DBBC00AF1821 /* CellAnimation.swift */ = {isa = PBXFileReference; lastKnownFileType = sourcecode.swift; path = CellAnimation.swift; sourceTree = "<group>"; };
		709C8E1E2081DDF400AF1821 /* AnimationCell.swift */ = {isa = PBXFileReference; lastKnownFileType = sourcecode.swift; path = AnimationCell.swift; sourceTree = "<group>"; };
		709C8E202081E39500AF1821 /* AttendanceRecordCell.swift */ = {isa = PBXFileReference; lastKnownFileType = sourcecode.swift; path = AttendanceRecordCell.swift; sourceTree = "<group>"; };
		709DF565207F988400D3C522 /* CallTheRollManager.swift */ = {isa = PBXFileReference; lastKnownFileType = sourcecode.swift; path = CallTheRollManager.swift; sourceTree = "<group>"; };
		709DF567207FACE600D3C522 /* Extensions.swift */ = {isa = PBXFileReference; lastKnownFileType = sourcecode.swift; path = Extensions.swift; sourceTree = "<group>"; };
		70AF2E90207B46C700A58F3A /* MyClassCell.swift */ = {isa = PBXFileReference; lastKnownFileType = sourcecode.swift; path = MyClassCell.swift; sourceTree = "<group>"; };
		70C10FC72070F2FD00E0F289 /* AddStudentController.swift */ = {isa = PBXFileReference; lastKnownFileType = sourcecode.swift; path = AddStudentController.swift; sourceTree = "<group>"; };
		70CEADCF2059593200CD2900 /* SignUpViewController.swift */ = {isa = PBXFileReference; lastKnownFileType = sourcecode.swift; path = SignUpViewController.swift; sourceTree = "<group>"; };
		70D7858A2057EE98002483F1 /* ClassAttendance.app */ = {isa = PBXFileReference; explicitFileType = wrapper.application; includeInIndex = 0; path = ClassAttendance.app; sourceTree = BUILT_PRODUCTS_DIR; };
		70D7858D2057EE98002483F1 /* AppDelegate.swift */ = {isa = PBXFileReference; lastKnownFileType = sourcecode.swift; path = AppDelegate.swift; sourceTree = "<group>"; };
		70D785922057EE98002483F1 /* Base */ = {isa = PBXFileReference; lastKnownFileType = file.storyboard; name = Base; path = Base.lproj/Main.storyboard; sourceTree = "<group>"; };
		70D785942057EE98002483F1 /* Assets.xcassets */ = {isa = PBXFileReference; lastKnownFileType = folder.assetcatalog; path = Assets.xcassets; sourceTree = "<group>"; };
		70D785972057EE98002483F1 /* Base */ = {isa = PBXFileReference; lastKnownFileType = file.storyboard; name = Base; path = Base.lproj/LaunchScreen.storyboard; sourceTree = "<group>"; };
		70D785992057EE98002483F1 /* Info.plist */ = {isa = PBXFileReference; lastKnownFileType = text.plist.xml; path = Info.plist; sourceTree = "<group>"; };
		70D7859E2057EE98002483F1 /* ClassAttendanceTests.xctest */ = {isa = PBXFileReference; explicitFileType = wrapper.cfbundle; includeInIndex = 0; path = ClassAttendanceTests.xctest; sourceTree = BUILT_PRODUCTS_DIR; };
		70D785A22057EE98002483F1 /* ClassAttendanceTests.swift */ = {isa = PBXFileReference; lastKnownFileType = sourcecode.swift; path = ClassAttendanceTests.swift; sourceTree = "<group>"; };
		70D785A42057EE98002483F1 /* Info.plist */ = {isa = PBXFileReference; lastKnownFileType = text.plist.xml; path = Info.plist; sourceTree = "<group>"; };
		70D785A92057EE99002483F1 /* ClassAttendanceUITests.xctest */ = {isa = PBXFileReference; explicitFileType = wrapper.cfbundle; includeInIndex = 0; path = ClassAttendanceUITests.xctest; sourceTree = BUILT_PRODUCTS_DIR; };
		70D785AD2057EE99002483F1 /* ClassAttendanceUITests.swift */ = {isa = PBXFileReference; lastKnownFileType = sourcecode.swift; path = ClassAttendanceUITests.swift; sourceTree = "<group>"; };
		70D785AF2057EE99002483F1 /* Info.plist */ = {isa = PBXFileReference; lastKnownFileType = text.plist.xml; path = Info.plist; sourceTree = "<group>"; };
		70D785BE2057EF99002483F1 /* MainViewController.swift */ = {isa = PBXFileReference; lastKnownFileType = sourcecode.swift; path = MainViewController.swift; sourceTree = "<group>"; };
		70D785C02057EFA4002483F1 /* BaseViewController.swift */ = {isa = PBXFileReference; lastKnownFileType = sourcecode.swift; path = BaseViewController.swift; sourceTree = "<group>"; };
		70D785C22057EFB0002483F1 /* NavViewController.swift */ = {isa = PBXFileReference; lastKnownFileType = sourcecode.swift; path = NavViewController.swift; sourceTree = "<group>"; };
		70D785C42057EFDF002483F1 /* HomeViewController.swift */ = {isa = PBXFileReference; lastKnownFileType = sourcecode.swift; path = HomeViewController.swift; sourceTree = "<group>"; };
		70D785C62057F0B2002483F1 /* UserModel.swift */ = {isa = PBXFileReference; lastKnownFileType = sourcecode.swift; path = UserModel.swift; sourceTree = "<group>"; };
		70D8F2912059377B0059A24E /* LoginViewController.swift */ = {isa = PBXFileReference; lastKnownFileType = sourcecode.swift; path = LoginViewController.swift; sourceTree = "<group>"; };
		70D8F2932059388E0059A24E /* Commons.swift */ = {isa = PBXFileReference; fileEncoding = 4; lastKnownFileType = sourcecode.swift; path = Commons.swift; sourceTree = "<group>"; };
		70D8F29620593C3E0059A24E /* Constans.swift */ = {isa = PBXFileReference; lastKnownFileType = sourcecode.swift; path = Constans.swift; sourceTree = "<group>"; };
		70D8F29820593E020059A24E /* UICommons.swift */ = {isa = PBXFileReference; lastKnownFileType = sourcecode.swift; path = UICommons.swift; sourceTree = "<group>"; };
		70D8F2A4205947870059A24E /* InputView.xib */ = {isa = PBXFileReference; fileEncoding = 4; lastKnownFileType = file.xib; path = InputView.xib; sourceTree = "<group>"; };
		70D8F2A5205947870059A24E /* InputView.swift */ = {isa = PBXFileReference; fileEncoding = 4; lastKnownFileType = sourcecode.swift; path = InputView.swift; sourceTree = "<group>"; };
		70F5B643206A671700EEADE6 /* ClassViewController.swift */ = {isa = PBXFileReference; lastKnownFileType = sourcecode.swift; path = ClassViewController.swift; sourceTree = "<group>"; };
		70F5B653206A6CFB00EEADE6 /* ClassStudentCell.swift */ = {isa = PBXFileReference; lastKnownFileType = sourcecode.swift; path = ClassStudentCell.swift; sourceTree = "<group>"; };
		7BD64143A9737162388AFD7F /* Pods-ClassAttendanceTests.release.xcconfig */ = {isa = PBXFileReference; includeInIndex = 1; lastKnownFileType = text.xcconfig; name = "Pods-ClassAttendanceTests.release.xcconfig"; path = "Pods/Target Support Files/Pods-ClassAttendanceTests/Pods-ClassAttendanceTests.release.xcconfig"; sourceTree = "<group>"; };
		8AD6FBD6A2B09B440665B694 /* Pods-ClassAttendance.release.xcconfig */ = {isa = PBXFileReference; includeInIndex = 1; lastKnownFileType = text.xcconfig; name = "Pods-ClassAttendance.release.xcconfig"; path = "Pods/Target Support Files/Pods-ClassAttendance/Pods-ClassAttendance.release.xcconfig"; sourceTree = "<group>"; };
		8B26E9C93A54A825C69A4834 /* Pods_ClassAttendance.framework */ = {isa = PBXFileReference; explicitFileType = wrapper.framework; includeInIndex = 0; path = Pods_ClassAttendance.framework; sourceTree = BUILT_PRODUCTS_DIR; };
		8B45B01C82AE9638A2E4D560 /* Pods-ClassAttendanceUITests.debug.xcconfig */ = {isa = PBXFileReference; includeInIndex = 1; lastKnownFileType = text.xcconfig; name = "Pods-ClassAttendanceUITests.debug.xcconfig"; path = "Pods/Target Support Files/Pods-ClassAttendanceUITests/Pods-ClassAttendanceUITests.debug.xcconfig"; sourceTree = "<group>"; };
		95079032CCDD42A25C9D97CC /* Pods_ClassAttendanceUITests.framework */ = {isa = PBXFileReference; explicitFileType = wrapper.framework; includeInIndex = 0; path = Pods_ClassAttendanceUITests.framework; sourceTree = BUILT_PRODUCTS_DIR; };
		C6B13755DEB9FC311D71547F /* Pods_ClassAttendanceTests.framework */ = {isa = PBXFileReference; explicitFileType = wrapper.framework; includeInIndex = 0; path = Pods_ClassAttendanceTests.framework; sourceTree = BUILT_PRODUCTS_DIR; };
		EECC1F8C7E9208458B74965B /* Pods-ClassAttendance.debug.xcconfig */ = {isa = PBXFileReference; includeInIndex = 1; lastKnownFileType = text.xcconfig; name = "Pods-ClassAttendance.debug.xcconfig"; path = "Pods/Target Support Files/Pods-ClassAttendance/Pods-ClassAttendance.debug.xcconfig"; sourceTree = "<group>"; };
/* End PBXFileReference section */

/* Begin PBXFrameworksBuildPhase section */
		70D785872057EE98002483F1 /* Frameworks */ = {
			isa = PBXFrameworksBuildPhase;
			buildActionMask = 2147483647;
			files = (
				B1595D7C11BA5C414F660C33 /* Pods_ClassAttendance.framework in Frameworks */,
			);
			runOnlyForDeploymentPostprocessing = 0;
		};
		70D7859B2057EE98002483F1 /* Frameworks */ = {
			isa = PBXFrameworksBuildPhase;
			buildActionMask = 2147483647;
			files = (
				04FB28C7D9E72FC13CDE27E4 /* Pods_ClassAttendanceTests.framework in Frameworks */,
			);
			runOnlyForDeploymentPostprocessing = 0;
		};
		70D785A62057EE99002483F1 /* Frameworks */ = {
			isa = PBXFrameworksBuildPhase;
			buildActionMask = 2147483647;
			files = (
				FE3DD4A8C81E7C185866E0D7 /* Pods_ClassAttendanceUITests.framework in Frameworks */,
			);
			runOnlyForDeploymentPostprocessing = 0;
		};
/* End PBXFrameworksBuildPhase section */

/* Begin PBXGroup section */
		1A39C6F51B2088A6FA2FFAA8 /* Frameworks */ = {
			isa = PBXGroup;
			children = (
				8B26E9C93A54A825C69A4834 /* Pods_ClassAttendance.framework */,
				C6B13755DEB9FC311D71547F /* Pods_ClassAttendanceTests.framework */,
				95079032CCDD42A25C9D97CC /* Pods_ClassAttendanceUITests.framework */,
			);
			name = Frameworks;
			sourceTree = "<group>";
		};
		21EDD593FD47372FB419BAB0 /* Pods */ = {
			isa = PBXGroup;
			children = (
				EECC1F8C7E9208458B74965B /* Pods-ClassAttendance.debug.xcconfig */,
				8AD6FBD6A2B09B440665B694 /* Pods-ClassAttendance.release.xcconfig */,
				13AD5BF719D676565BC45A2B /* Pods-ClassAttendanceTests.debug.xcconfig */,
				7BD64143A9737162388AFD7F /* Pods-ClassAttendanceTests.release.xcconfig */,
				8B45B01C82AE9638A2E4D560 /* Pods-ClassAttendanceUITests.debug.xcconfig */,
				4B8B930EFB95504CF536AE70 /* Pods-ClassAttendanceUITests.release.xcconfig */,
			);
			name = Pods;
			sourceTree = "<group>";
		};
		70863DAE2068C5BD0019CF27 /* Alert+Picker */ = {
			isa = PBXGroup;
			children = (
				70863DAF2068C5CD0019CF27 /* Source */,
			);
			path = "Alert+Picker";
			sourceTree = "<group>";
		};
		70863DAF2068C5CD0019CF27 /* Source */ = {
			isa = PBXGroup;
			children = (
				70863DB02068C5CD0019CF27 /* Extensions */,
				70863DC22068C5CD0019CF27 /* Pickers */,
				70863DF62068C5CD0019CF27 /* Viewers */,
				70863DFA2068C5CD0019CF27 /* Views */,
			);
			path = Source;
			sourceTree = "<group>";
		};
		70863DB02068C5CD0019CF27 /* Extensions */ = {
			isa = PBXGroup;
			children = (
				70863DB12068C5CD0019CF27 /* Array+Extensions.swift */,
				70863DB22068C5CD0019CF27 /* Common+Extensions.swift */,
				70863DB32068C5CD0019CF27 /* Date+Extension.swift */,
				70863DB42068C5CD0019CF27 /* Locale+Extensions.swift */,
				70863DB52068C5CD0019CF27 /* Optional+Extensions.swift */,
				70863DB62068C5CD0019CF27 /* String+Extensions.swift */,
				70863DB72068C5CD0019CF27 /* UIAlertController+Extensions.swift */,
				70863DB82068C5CD0019CF27 /* UIApplication+Extensions.swift */,
				70863DB92068C5CD0019CF27 /* UIColor+Extensions.swift */,
				70863DBA2068C5CD0019CF27 /* UIImage+Extensions.swift */,
				70863DBB2068C5CD0019CF27 /* UIImageView+Extensions.swift */,
				70863DBC2068C5CD0019CF27 /* UISearchBar+Extensions.swift */,
				70863DBD2068C5CD0019CF27 /* UISegmentedControl+Extensions.swift */,
				70863DBE2068C5CD0019CF27 /* UITextField+Extensions.swift */,
				70863DBF2068C5CD0019CF27 /* UITextView+Extensions.swift */,
				70863DC02068C5CD0019CF27 /* UIView+Extensions.swift */,
				70863DC12068C5CD0019CF27 /* UIViewController+Extensions.swift */,
			);
			path = Extensions;
			sourceTree = "<group>";
		};
		70863DC22068C5CD0019CF27 /* Pickers */ = {
			isa = PBXGroup;
			children = (
				70863DC32068C5CD0019CF27 /* Color */,
				70863DC52068C5CD0019CF27 /* Contacts */,
				70863DCD2068C5CD0019CF27 /* Date */,
				70863DCF2068C5CD0019CF27 /* Image */,
				70863DD32068C5CD0019CF27 /* Locale */,
				70863DDE2068C5CD0019CF27 /* Location */,
				70863DE62068C5CD0019CF27 /* PhotoLibrary */,
				70863DEA2068C5CD0019CF27 /* PickerView */,
				70863DEC2068C5CD0019CF27 /* Telegram */,
				70863DF32068C5CD0019CF27 /* TextFields */,
			);
			path = Pickers;
			sourceTree = "<group>";
		};
		70863DC32068C5CD0019CF27 /* Color */ = {
			isa = PBXGroup;
			children = (
				70863DC42068C5CD0019CF27 /* ColorPickerViewController.swift */,
			);
			path = Color;
			sourceTree = "<group>";
		};
		70863DC52068C5CD0019CF27 /* Contacts */ = {
			isa = PBXGroup;
			children = (
				70863DC62068C5CD0019CF27 /* ContactsPickerViewController.swift */,
				70863DC72068C5CD0019CF27 /* Managers */,
				70863DC92068C5CD0019CF27 /* Models */,
				70863DCB2068C5CD0019CF27 /* Views */,
			);
			path = Contacts;
			sourceTree = "<group>";
		};
		70863DC72068C5CD0019CF27 /* Managers */ = {
			isa = PBXGroup;
			children = (
				70863DC82068C5CD0019CF27 /* Contacts.swift */,
			);
			path = Managers;
			sourceTree = "<group>";
		};
		70863DC92068C5CD0019CF27 /* Models */ = {
			isa = PBXGroup;
			children = (
				70863DCA2068C5CD0019CF27 /* Contact.swift */,
			);
			path = Models;
			sourceTree = "<group>";
		};
		70863DCB2068C5CD0019CF27 /* Views */ = {
			isa = PBXGroup;
			children = (
				70863DCC2068C5CD0019CF27 /* ContactCell.swift */,
			);
			path = Views;
			sourceTree = "<group>";
		};
		70863DCD2068C5CD0019CF27 /* Date */ = {
			isa = PBXGroup;
			children = (
				70863DCE2068C5CD0019CF27 /* DatePickerViewController.swift */,
			);
			path = Date;
			sourceTree = "<group>";
		};
		70863DCF2068C5CD0019CF27 /* Image */ = {
			isa = PBXGroup;
			children = (
				70863DD02068C5CD0019CF27 /* ImagePickerViewController.swift */,
				70863DD12068C5CD0019CF27 /* Views */,
			);
			path = Image;
			sourceTree = "<group>";
		};
		70863DD12068C5CD0019CF27 /* Views */ = {
			isa = PBXGroup;
			children = (
				70863DD22068C5CD0019CF27 /* ItemWithImage.swift */,
			);
			path = Views;
			sourceTree = "<group>";
		};
		70863DD32068C5CD0019CF27 /* Locale */ = {
			isa = PBXGroup;
			children = (
				70863DD42068C5CD0019CF27 /* Countries.bundle */,
				70863DD52068C5CD0019CF27 /* LocalePickerViewController.swift */,
				70863DD62068C5CD0019CF27 /* Managers */,
				70863DD82068C5CD0019CF27 /* Models */,
				70863DDA2068C5CD0019CF27 /* Views */,
			);
			path = Locale;
			sourceTree = "<group>";
		};
		70863DD62068C5CD0019CF27 /* Managers */ = {
			isa = PBXGroup;
			children = (
				70863DD72068C5CD0019CF27 /* LocaleStore.swift */,
			);
			path = Managers;
			sourceTree = "<group>";
		};
		70863DD82068C5CD0019CF27 /* Models */ = {
			isa = PBXGroup;
			children = (
				70863DD92068C5CD0019CF27 /* LocaleInfo.swift */,
			);
			path = Models;
			sourceTree = "<group>";
		};
		70863DDA2068C5CD0019CF27 /* Views */ = {
			isa = PBXGroup;
			children = (
				70863DDB2068C5CD0019CF27 /* CountryCell.swift */,
				70863DDC2068C5CD0019CF27 /* CurrencyCell.swift */,
				70863DDD2068C5CD0019CF27 /* PhoneCodeCell.swift */,
			);
			path = Views;
			sourceTree = "<group>";
		};
		70863DDE2068C5CD0019CF27 /* Location */ = {
			isa = PBXGroup;
			children = (
				70863DDF2068C5CD0019CF27 /* LocationPickerViewController.swift */,
				70863DE02068C5CD0019CF27 /* LocationSearchResultsViewController.swift */,
				70863DE12068C5CD0019CF27 /* Managers */,
				70863DE32068C5CD0019CF27 /* Models */,
			);
			path = Location;
			sourceTree = "<group>";
		};
		70863DE12068C5CD0019CF27 /* Managers */ = {
			isa = PBXGroup;
			children = (
				70863DE22068C5CD0019CF27 /* SearchHistoryManager.swift */,
			);
			path = Managers;
			sourceTree = "<group>";
		};
		70863DE32068C5CD0019CF27 /* Models */ = {
			isa = PBXGroup;
			children = (
				70863DE42068C5CD0019CF27 /* Address.swift */,
				70863DE52068C5CD0019CF27 /* Location.swift */,
			);
			path = Models;
			sourceTree = "<group>";
		};
		70863DE62068C5CD0019CF27 /* PhotoLibrary */ = {
			isa = PBXGroup;
			children = (
				70863DE72068C5CD0019CF27 /* Managers */,
				70863DE92068C5CD0019CF27 /* PhotoLibraryPickerViewController.swift */,
			);
			path = PhotoLibrary;
			sourceTree = "<group>";
		};
		70863DE72068C5CD0019CF27 /* Managers */ = {
			isa = PBXGroup;
			children = (
				70863DE82068C5CD0019CF27 /* Assets.swift */,
			);
			path = Managers;
			sourceTree = "<group>";
		};
		70863DEA2068C5CD0019CF27 /* PickerView */ = {
			isa = PBXGroup;
			children = (
				70863DEB2068C5CD0019CF27 /* PickerViewViewController.swift */,
			);
			path = PickerView;
			sourceTree = "<group>";
		};
		70863DEC2068C5CD0019CF27 /* Telegram */ = {
			isa = PBXGroup;
			children = (
				70863DED2068C5CD0019CF27 /* Layouts */,
				70863DEF2068C5CD0019CF27 /* TelegramPickerViewController.swift */,
				70863DF02068C5CD0019CF27 /* Views */,
			);
			path = Telegram;
			sourceTree = "<group>";
		};
		70863DED2068C5CD0019CF27 /* Layouts */ = {
			isa = PBXGroup;
			children = (
				70863DEE2068C5CD0019CF27 /* PhotoLayout.swift */,
			);
			path = Layouts;
			sourceTree = "<group>";
		};
		70863DF02068C5CD0019CF27 /* Views */ = {
			isa = PBXGroup;
			children = (
				70863DF12068C5CD0019CF27 /* ItemWithPhoto.swift */,
				70863DF22068C5CD0019CF27 /* LikeButtonCell.swift */,
			);
			path = Views;
			sourceTree = "<group>";
		};
		70863DF32068C5CD0019CF27 /* TextFields */ = {
			isa = PBXGroup;
			children = (
				70863DF42068C5CD0019CF27 /* OneTextFieldViewController.swift */,
				70863DF52068C5CD0019CF27 /* TwoTextFieldsViewController.swift */,
			);
			path = TextFields;
			sourceTree = "<group>";
		};
		70863DF62068C5CD0019CF27 /* Viewers */ = {
			isa = PBXGroup;
			children = (
				70863DF72068C5CD0019CF27 /* Models */,
				70863DF92068C5CD0019CF27 /* TextViewController.swift */,
			);
			path = Viewers;
			sourceTree = "<group>";
		};
		70863DF72068C5CD0019CF27 /* Models */ = {
			isa = PBXGroup;
			children = (
				70863DF82068C5CD0019CF27 /* AttributedTextBlock.swift */,
			);
			path = Models;
			sourceTree = "<group>";
		};
		70863DFA2068C5CD0019CF27 /* Views */ = {
			isa = PBXGroup;
			children = (
				70863DFB2068C5CD0019CF27 /* Button.swift */,
				70863DFC2068C5CD0019CF27 /* GradientSlider.swift */,
				70863DFD2068C5CD0019CF27 /* Label.swift */,
				70863DFE2068C5CD0019CF27 /* SegmentedControl.swift */,
				70863DFF2068C5CD0019CF27 /* TextField.swift */,
			);
			path = Views;
			sourceTree = "<group>";
		};
		709C8E182081D79300AF1821 /* Detail */ = {
			isa = PBXGroup;
			children = (
				709C8E192081D7E300AF1821 /* DetailViewController.swift */,
				709C8E202081E39500AF1821 /* AttendanceRecordCell.swift */,
			);
			path = Detail;
			sourceTree = "<group>";
		};
		709C8E1D2081DD9300AF1821 /* Commons */ = {
			isa = PBXGroup;
			children = (
				70CEADCE2059519A00CD2900 /* UI */,
				70D8F2932059388E0059A24E /* Commons.swift */,
			);
			path = Commons;
			sourceTree = "<group>";
		};
		709DF569207FADE000D3C522 /* Controllers */ = {
			isa = PBXGroup;
			children = (
				70C10FC72070F2FD00E0F289 /* AddStudentController.swift */,
				700A62EE205E8C1200AFDD18 /* CreatClassController.swift */,
				70F5B643206A671700EEADE6 /* ClassViewController.swift */,
			);
			path = Controllers;
			sourceTree = "<group>";
		};
		709DF56A207FAE0A00D3C522 /* Views */ = {
			isa = PBXGroup;
			children = (
				7053F1E120613E1300CDB402 /* TextFiledView.xib */,
				7053F1E320613EA400CDB402 /* TextFiledView.swift */,
				70AF2E90207B46C700A58F3A /* MyClassCell.swift */,
				70F5B653206A6CFB00EEADE6 /* ClassStudentCell.swift */,
			);
			path = Views;
			sourceTree = "<group>";
		};
		70CEADCE2059519A00CD2900 /* UI */ = {
			isa = PBXGroup;
			children = (
				70863DAE2068C5BD0019CF27 /* Alert+Picker */,
				70D8F29820593E020059A24E /* UICommons.swift */,
				70D8F2A5205947870059A24E /* InputView.swift */,
				70D8F2A4205947870059A24E /* InputView.xib */,
				709C8E1B2081DBBC00AF1821 /* CellAnimation.swift */,
				709C8E1E2081DDF400AF1821 /* AnimationCell.swift */,
			);
			path = UI;
			sourceTree = "<group>";
		};
		70D785812057EE98002483F1 = {
			isa = PBXGroup;
			children = (
				70D7858C2057EE98002483F1 /* ClassAttendance */,
				70D785A12057EE98002483F1 /* ClassAttendanceTests */,
				70D785AC2057EE99002483F1 /* ClassAttendanceUITests */,
				70D7858B2057EE98002483F1 /* Products */,
				21EDD593FD47372FB419BAB0 /* Pods */,
				1A39C6F51B2088A6FA2FFAA8 /* Frameworks */,
			);
			sourceTree = "<group>";
		};
		70D7858B2057EE98002483F1 /* Products */ = {
			isa = PBXGroup;
			children = (
				70D7858A2057EE98002483F1 /* ClassAttendance.app */,
				70D7859E2057EE98002483F1 /* ClassAttendanceTests.xctest */,
				70D785A92057EE99002483F1 /* ClassAttendanceUITests.xctest */,
			);
			name = Products;
			sourceTree = "<group>";
		};
		70D7858C2057EE98002483F1 /* ClassAttendance */ = {
			isa = PBXGroup;
			children = (
				70D785BB2057EF78002483F1 /* Main */,
				70D8F290205937660059A24E /* Login */,
				70D785BD2057EF85002483F1 /* DataBase */,
				709C8E182081D79300AF1821 /* Detail */,
				70D785BC2057EF7F002483F1 /* Home */,
				709C8E1D2081DD9300AF1821 /* Commons */,
				70D8F295205938A00059A24E /* Helpers */,
				70D7858D2057EE98002483F1 /* AppDelegate.swift */,
				70D785912057EE98002483F1 /* Main.storyboard */,
				70D785942057EE98002483F1 /* Assets.xcassets */,
				70D785962057EE98002483F1 /* LaunchScreen.storyboard */,
				70D785992057EE98002483F1 /* Info.plist */,
			);
			path = ClassAttendance;
			sourceTree = "<group>";
		};
		70D785A12057EE98002483F1 /* ClassAttendanceTests */ = {
			isa = PBXGroup;
			children = (
				70D785A22057EE98002483F1 /* ClassAttendanceTests.swift */,
				70D785A42057EE98002483F1 /* Info.plist */,
			);
			path = ClassAttendanceTests;
			sourceTree = "<group>";
		};
		70D785AC2057EE99002483F1 /* ClassAttendanceUITests */ = {
			isa = PBXGroup;
			children = (
				70D785AD2057EE99002483F1 /* ClassAttendanceUITests.swift */,
				70D785AF2057EE99002483F1 /* Info.plist */,
			);
			path = ClassAttendanceUITests;
			sourceTree = "<group>";
		};
		70D785BB2057EF78002483F1 /* Main */ = {
			isa = PBXGroup;
			children = (
				70D785BE2057EF99002483F1 /* MainViewController.swift */,
				70D785C02057EFA4002483F1 /* BaseViewController.swift */,
				70D785C22057EFB0002483F1 /* NavViewController.swift */,
			);
			path = Main;
			sourceTree = "<group>";
		};
		70D785BC2057EF7F002483F1 /* Home */ = {
			isa = PBXGroup;
			children = (
				70D785C42057EFDF002483F1 /* HomeViewController.swift */,
				70F5B645206A695200EEADE6 /* Class */,
			);
			path = Home;
			sourceTree = "<group>";
		};
		70D785BD2057EF85002483F1 /* DataBase */ = {
			isa = PBXGroup;
			children = (
				70D785C62057F0B2002483F1 /* UserModel.swift */,
				7011F3D9205A8B20007B9AD4 /* DatabaseManager.swift */,
			);
			path = DataBase;
			sourceTree = "<group>";
		};
		70D8F290205937660059A24E /* Login */ = {
			isa = PBXGroup;
			children = (
				70D8F2912059377B0059A24E /* LoginViewController.swift */,
				70CEADCF2059593200CD2900 /* SignUpViewController.swift */,
				7011F3D7205A89A6007B9AD4 /* AccountManager.swift */,
			);
			path = Login;
			sourceTree = "<group>";
		};
		70D8F295205938A00059A24E /* Helpers */ = {
			isa = PBXGroup;
			children = (
				70D8F29620593C3E0059A24E /* Constans.swift */,
				709DF567207FACE600D3C522 /* Extensions.swift */,
			);
			path = Helpers;
			sourceTree = "<group>";
		};
		70F5B645206A695200EEADE6 /* Class */ = {
			isa = PBXGroup;
			children = (
				709DF569207FADE000D3C522 /* Controllers */,
				709DF56A207FAE0A00D3C522 /* Views */,
				70F5B646206A696100EEADE6 /* ViewModel */,
			);
			path = Class;
			sourceTree = "<group>";
		};
		70F5B646206A696100EEADE6 /* ViewModel */ = {
			isa = PBXGroup;
			children = (
				708043102078A68C005F7675 /* ClassManager.swift */,
				70863DAC2068C1200019CF27 /* ClassTimeManager.swift */,
				709DF565207F988400D3C522 /* CallTheRollManager.swift */,
				50D93B484A0029D4F69B9F24 /* StudentManager.swift */,
				703F26B220810A6D00AD7FB4 /* ManagerProtocol.swift */,
				703F26B420810DE800AD7FB4 /* AttendanceManager.swift */,
			);
			path = ViewModel;
			sourceTree = "<group>";
		};
/* End PBXGroup section */

/* Begin PBXNativeTarget section */
		70D785892057EE98002483F1 /* ClassAttendance */ = {
			isa = PBXNativeTarget;
			buildConfigurationList = 70D785B22057EE99002483F1 /* Build configuration list for PBXNativeTarget "ClassAttendance" */;
			buildPhases = (
				DBDEE33DB146613571542E91 /* [CP] Check Pods Manifest.lock */,
				70D785862057EE98002483F1 /* Sources */,
				70D785872057EE98002483F1 /* Frameworks */,
				70D785882057EE98002483F1 /* Resources */,
				0CFD58518E9FF42AF1CB84AA /* [CP] Embed Pods Frameworks */,
				B6779969235D002AA38AA8DB /* [CP] Copy Pods Resources */,
			);
			buildRules = (
			);
			dependencies = (
			);
			name = ClassAttendance;
			productName = ClassAttendance;
			productReference = 70D7858A2057EE98002483F1 /* ClassAttendance.app */;
			productType = "com.apple.product-type.application";
		};
		70D7859D2057EE98002483F1 /* ClassAttendanceTests */ = {
			isa = PBXNativeTarget;
			buildConfigurationList = 70D785B52057EE99002483F1 /* Build configuration list for PBXNativeTarget "ClassAttendanceTests" */;
			buildPhases = (
				65EF227DE275C163A9A74AA7 /* [CP] Check Pods Manifest.lock */,
				70D7859A2057EE98002483F1 /* Sources */,
				70D7859B2057EE98002483F1 /* Frameworks */,
				70D7859C2057EE98002483F1 /* Resources */,
				23F6A5A7C82F307C6A3BA1D4 /* [CP] Embed Pods Frameworks */,
				3B5974AED73CEF4170F77867 /* [CP] Copy Pods Resources */,
			);
			buildRules = (
			);
			dependencies = (
				70D785A02057EE98002483F1 /* PBXTargetDependency */,
			);
			name = ClassAttendanceTests;
			productName = ClassAttendanceTests;
			productReference = 70D7859E2057EE98002483F1 /* ClassAttendanceTests.xctest */;
			productType = "com.apple.product-type.bundle.unit-test";
		};
		70D785A82057EE99002483F1 /* ClassAttendanceUITests */ = {
			isa = PBXNativeTarget;
			buildConfigurationList = 70D785B82057EE99002483F1 /* Build configuration list for PBXNativeTarget "ClassAttendanceUITests" */;
			buildPhases = (
				C7B1294C8847AC93C4F5BE7E /* [CP] Check Pods Manifest.lock */,
				70D785A52057EE99002483F1 /* Sources */,
				70D785A62057EE99002483F1 /* Frameworks */,
				70D785A72057EE99002483F1 /* Resources */,
				D0A219A7BAB82D3E897C8A24 /* [CP] Embed Pods Frameworks */,
				7E6F4BDD407A12D4197CF64C /* [CP] Copy Pods Resources */,
			);
			buildRules = (
			);
			dependencies = (
				70D785AB2057EE99002483F1 /* PBXTargetDependency */,
			);
			name = ClassAttendanceUITests;
			productName = ClassAttendanceUITests;
			productReference = 70D785A92057EE99002483F1 /* ClassAttendanceUITests.xctest */;
			productType = "com.apple.product-type.bundle.ui-testing";
		};
/* End PBXNativeTarget section */

/* Begin PBXProject section */
		70D785822057EE98002483F1 /* Project object */ = {
			isa = PBXProject;
			attributes = {
				LastSwiftUpdateCheck = 0920;
				LastUpgradeCheck = 0920;
				ORGANIZATIONNAME = SoolyChristina;
				TargetAttributes = {
					70D785892057EE98002483F1 = {
						CreatedOnToolsVersion = 9.2;
						ProvisioningStyle = Automatic;
					};
					70D7859D2057EE98002483F1 = {
						CreatedOnToolsVersion = 9.2;
						ProvisioningStyle = Automatic;
						TestTargetID = 70D785892057EE98002483F1;
					};
					70D785A82057EE99002483F1 = {
						CreatedOnToolsVersion = 9.2;
						ProvisioningStyle = Automatic;
						TestTargetID = 70D785892057EE98002483F1;
					};
				};
			};
			buildConfigurationList = 70D785852057EE98002483F1 /* Build configuration list for PBXProject "ClassAttendance" */;
			compatibilityVersion = "Xcode 8.0";
			developmentRegion = en;
			hasScannedForEncodings = 0;
			knownRegions = (
				en,
				Base,
			);
			mainGroup = 70D785812057EE98002483F1;
			productRefGroup = 70D7858B2057EE98002483F1 /* Products */;
			projectDirPath = "";
			projectRoot = "";
			targets = (
				70D785892057EE98002483F1 /* ClassAttendance */,
				70D7859D2057EE98002483F1 /* ClassAttendanceTests */,
				70D785A82057EE99002483F1 /* ClassAttendanceUITests */,
			);
		};
/* End PBXProject section */

/* Begin PBXResourcesBuildPhase section */
		70D785882057EE98002483F1 /* Resources */ = {
			isa = PBXResourcesBuildPhase;
			buildActionMask = 2147483647;
			files = (
				7053F1E220613E1300CDB402 /* TextFiledView.xib in Resources */,
				70D785982057EE98002483F1 /* LaunchScreen.storyboard in Resources */,
				70D8F2A6205947870059A24E /* InputView.xib in Resources */,
				70D785952057EE98002483F1 /* Assets.xcassets in Resources */,
				70863E192068C5CD0019CF27 /* Countries.bundle in Resources */,
				70D785932057EE98002483F1 /* Main.storyboard in Resources */,
			);
			runOnlyForDeploymentPostprocessing = 0;
		};
		70D7859C2057EE98002483F1 /* Resources */ = {
			isa = PBXResourcesBuildPhase;
			buildActionMask = 2147483647;
			files = (
			);
			runOnlyForDeploymentPostprocessing = 0;
		};
		70D785A72057EE99002483F1 /* Resources */ = {
			isa = PBXResourcesBuildPhase;
			buildActionMask = 2147483647;
			files = (
			);
			runOnlyForDeploymentPostprocessing = 0;
		};
/* End PBXResourcesBuildPhase section */

/* Begin PBXShellScriptBuildPhase section */
		0CFD58518E9FF42AF1CB84AA /* [CP] Embed Pods Frameworks */ = {
			isa = PBXShellScriptBuildPhase;
			buildActionMask = 2147483647;
			files = (
			);
			inputPaths = (
				"${SRCROOT}/Pods/Target Support Files/Pods-ClassAttendance/Pods-ClassAttendance-frameworks.sh",
				"${BUILT_PRODUCTS_DIR}/Alamofire/Alamofire.framework",
				"${BUILT_PRODUCTS_DIR}/SnapKit/SnapKit.framework",
				"${BUILT_PRODUCTS_DIR}/Toast-Swift/Toast_Swift.framework",
				"${BUILT_PRODUCTS_DIR}/WCDB.swift/WCDBSwift.framework",
			);
			name = "[CP] Embed Pods Frameworks";
			outputPaths = (
				"${TARGET_BUILD_DIR}/${FRAMEWORKS_FOLDER_PATH}/Alamofire.framework",
				"${TARGET_BUILD_DIR}/${FRAMEWORKS_FOLDER_PATH}/SnapKit.framework",
				"${TARGET_BUILD_DIR}/${FRAMEWORKS_FOLDER_PATH}/Toast_Swift.framework",
				"${TARGET_BUILD_DIR}/${FRAMEWORKS_FOLDER_PATH}/WCDBSwift.framework",
			);
			runOnlyForDeploymentPostprocessing = 0;
			shellPath = /bin/sh;
			shellScript = "\"${SRCROOT}/Pods/Target Support Files/Pods-ClassAttendance/Pods-ClassAttendance-frameworks.sh\"\n";
			showEnvVarsInLog = 0;
		};
		23F6A5A7C82F307C6A3BA1D4 /* [CP] Embed Pods Frameworks */ = {
			isa = PBXShellScriptBuildPhase;
			buildActionMask = 2147483647;
			files = (
			);
			inputPaths = (
			);
			name = "[CP] Embed Pods Frameworks";
			outputPaths = (
			);
			runOnlyForDeploymentPostprocessing = 0;
			shellPath = /bin/sh;
			shellScript = "\"${SRCROOT}/Pods/Target Support Files/Pods-ClassAttendanceTests/Pods-ClassAttendanceTests-frameworks.sh\"\n";
			showEnvVarsInLog = 0;
		};
		3B5974AED73CEF4170F77867 /* [CP] Copy Pods Resources */ = {
			isa = PBXShellScriptBuildPhase;
			buildActionMask = 2147483647;
			files = (
			);
			inputPaths = (
			);
			name = "[CP] Copy Pods Resources";
			outputPaths = (
			);
			runOnlyForDeploymentPostprocessing = 0;
			shellPath = /bin/sh;
			shellScript = "\"${SRCROOT}/Pods/Target Support Files/Pods-ClassAttendanceTests/Pods-ClassAttendanceTests-resources.sh\"\n";
			showEnvVarsInLog = 0;
		};
		65EF227DE275C163A9A74AA7 /* [CP] Check Pods Manifest.lock */ = {
			isa = PBXShellScriptBuildPhase;
			buildActionMask = 2147483647;
			files = (
			);
			inputPaths = (
				"${PODS_PODFILE_DIR_PATH}/Podfile.lock",
				"${PODS_ROOT}/Manifest.lock",
			);
			name = "[CP] Check Pods Manifest.lock";
			outputPaths = (
				"$(DERIVED_FILE_DIR)/Pods-ClassAttendanceTests-checkManifestLockResult.txt",
			);
			runOnlyForDeploymentPostprocessing = 0;
			shellPath = /bin/sh;
			shellScript = "diff \"${PODS_PODFILE_DIR_PATH}/Podfile.lock\" \"${PODS_ROOT}/Manifest.lock\" > /dev/null\nif [ $? != 0 ] ; then\n    # print error to STDERR\n    echo \"error: The sandbox is not in sync with the Podfile.lock. Run 'pod install' or update your CocoaPods installation.\" >&2\n    exit 1\nfi\n# This output is used by Xcode 'outputs' to avoid re-running this script phase.\necho \"SUCCESS\" > \"${SCRIPT_OUTPUT_FILE_0}\"\n";
			showEnvVarsInLog = 0;
		};
		7E6F4BDD407A12D4197CF64C /* [CP] Copy Pods Resources */ = {
			isa = PBXShellScriptBuildPhase;
			buildActionMask = 2147483647;
			files = (
			);
			inputPaths = (
			);
			name = "[CP] Copy Pods Resources";
			outputPaths = (
			);
			runOnlyForDeploymentPostprocessing = 0;
			shellPath = /bin/sh;
			shellScript = "\"${SRCROOT}/Pods/Target Support Files/Pods-ClassAttendanceUITests/Pods-ClassAttendanceUITests-resources.sh\"\n";
			showEnvVarsInLog = 0;
		};
		B6779969235D002AA38AA8DB /* [CP] Copy Pods Resources */ = {
			isa = PBXShellScriptBuildPhase;
			buildActionMask = 2147483647;
			files = (
			);
			inputPaths = (
			);
			name = "[CP] Copy Pods Resources";
			outputPaths = (
			);
			runOnlyForDeploymentPostprocessing = 0;
			shellPath = /bin/sh;
			shellScript = "\"${SRCROOT}/Pods/Target Support Files/Pods-ClassAttendance/Pods-ClassAttendance-resources.sh\"\n";
			showEnvVarsInLog = 0;
		};
		C7B1294C8847AC93C4F5BE7E /* [CP] Check Pods Manifest.lock */ = {
			isa = PBXShellScriptBuildPhase;
			buildActionMask = 2147483647;
			files = (
			);
			inputPaths = (
				"${PODS_PODFILE_DIR_PATH}/Podfile.lock",
				"${PODS_ROOT}/Manifest.lock",
			);
			name = "[CP] Check Pods Manifest.lock";
			outputPaths = (
				"$(DERIVED_FILE_DIR)/Pods-ClassAttendanceUITests-checkManifestLockResult.txt",
			);
			runOnlyForDeploymentPostprocessing = 0;
			shellPath = /bin/sh;
			shellScript = "diff \"${PODS_PODFILE_DIR_PATH}/Podfile.lock\" \"${PODS_ROOT}/Manifest.lock\" > /dev/null\nif [ $? != 0 ] ; then\n    # print error to STDERR\n    echo \"error: The sandbox is not in sync with the Podfile.lock. Run 'pod install' or update your CocoaPods installation.\" >&2\n    exit 1\nfi\n# This output is used by Xcode 'outputs' to avoid re-running this script phase.\necho \"SUCCESS\" > \"${SCRIPT_OUTPUT_FILE_0}\"\n";
			showEnvVarsInLog = 0;
		};
		D0A219A7BAB82D3E897C8A24 /* [CP] Embed Pods Frameworks */ = {
			isa = PBXShellScriptBuildPhase;
			buildActionMask = 2147483647;
			files = (
			);
			inputPaths = (
			);
			name = "[CP] Embed Pods Frameworks";
			outputPaths = (
			);
			runOnlyForDeploymentPostprocessing = 0;
			shellPath = /bin/sh;
			shellScript = "\"${SRCROOT}/Pods/Target Support Files/Pods-ClassAttendanceUITests/Pods-ClassAttendanceUITests-frameworks.sh\"\n";
			showEnvVarsInLog = 0;
		};
		DBDEE33DB146613571542E91 /* [CP] Check Pods Manifest.lock */ = {
			isa = PBXShellScriptBuildPhase;
			buildActionMask = 2147483647;
			files = (
			);
			inputPaths = (
				"${PODS_PODFILE_DIR_PATH}/Podfile.lock",
				"${PODS_ROOT}/Manifest.lock",
			);
			name = "[CP] Check Pods Manifest.lock";
			outputPaths = (
				"$(DERIVED_FILE_DIR)/Pods-ClassAttendance-checkManifestLockResult.txt",
			);
			runOnlyForDeploymentPostprocessing = 0;
			shellPath = /bin/sh;
			shellScript = "diff \"${PODS_PODFILE_DIR_PATH}/Podfile.lock\" \"${PODS_ROOT}/Manifest.lock\" > /dev/null\nif [ $? != 0 ] ; then\n    # print error to STDERR\n    echo \"error: The sandbox is not in sync with the Podfile.lock. Run 'pod install' or update your CocoaPods installation.\" >&2\n    exit 1\nfi\n# This output is used by Xcode 'outputs' to avoid re-running this script phase.\necho \"SUCCESS\" > \"${SCRIPT_OUTPUT_FILE_0}\"\n";
			showEnvVarsInLog = 0;
		};
/* End PBXShellScriptBuildPhase section */

/* Begin PBXSourcesBuildPhase section */
		70D785862057EE98002483F1 /* Sources */ = {
			isa = PBXSourcesBuildPhase;
			buildActionMask = 2147483647;
			files = (
				70D8F2922059377B0059A24E /* LoginViewController.swift in Sources */,
				70863E002068C5CD0019CF27 /* Array+Extensions.swift in Sources */,
				70863E232068C5CD0019CF27 /* Address.swift in Sources */,
				70863E0C2068C5CD0019CF27 /* UISegmentedControl+Extensions.swift in Sources */,
				70863E1F2068C5CD0019CF27 /* PhoneCodeCell.swift in Sources */,
				70863E152068C5CD0019CF27 /* ContactCell.swift in Sources */,
				70863E012068C5CD0019CF27 /* Common+Extensions.swift in Sources */,
				709C8E1A2081D7E300AF1821 /* DetailViewController.swift in Sources */,
				709DF568207FACE600D3C522 /* Extensions.swift in Sources */,
				70863E082068C5CD0019CF27 /* UIColor+Extensions.swift in Sources */,
				70863E122068C5CD0019CF27 /* ContactsPickerViewController.swift in Sources */,
				70863E172068C5CD0019CF27 /* ImagePickerViewController.swift in Sources */,
				7053F1E420613EA400CDB402 /* TextFiledView.swift in Sources */,
				70D785BF2057EF99002483F1 /* MainViewController.swift in Sources */,
				709C8E1F2081DDF400AF1821 /* AnimationCell.swift in Sources */,
				70863E0D2068C5CD0019CF27 /* UITextField+Extensions.swift in Sources */,
				709C8E212081E39500AF1821 /* AttendanceRecordCell.swift in Sources */,
				70863E1C2068C5CD0019CF27 /* LocaleInfo.swift in Sources */,
				70863E022068C5CD0019CF27 /* Date+Extension.swift in Sources */,
				70D8F29720593C3E0059A24E /* Constans.swift in Sources */,
				703F26B320810A6D00AD7FB4 /* ManagerProtocol.swift in Sources */,
				70863E242068C5CD0019CF27 /* Location.swift in Sources */,
				70C10FC82070F2FD00E0F289 /* AddStudentController.swift in Sources */,
				70863E2D2068C5CD0019CF27 /* TwoTextFieldsViewController.swift in Sources */,
				70863E202068C5CD0019CF27 /* LocationPickerViewController.swift in Sources */,
				70863E112068C5CD0019CF27 /* ColorPickerViewController.swift in Sources */,
				70D785C32057EFB0002483F1 /* NavViewController.swift in Sources */,
				70F5B644206A671700EEADE6 /* ClassViewController.swift in Sources */,
				70863E2B2068C5CD0019CF27 /* LikeButtonCell.swift in Sources */,
				7011F3DA205A8B20007B9AD4 /* DatabaseManager.swift in Sources */,
				70863E2F2068C5CD0019CF27 /* TextViewController.swift in Sources */,
				70863E2E2068C5CD0019CF27 /* AttributedTextBlock.swift in Sources */,
				70D8F29920593E020059A24E /* UICommons.swift in Sources */,
				70863E2C2068C5CD0019CF27 /* OneTextFieldViewController.swift in Sources */,
				70863E212068C5CD0019CF27 /* LocationSearchResultsViewController.swift in Sources */,
				70863E1B2068C5CD0019CF27 /* LocaleStore.swift in Sources */,
				70863E072068C5CD0019CF27 /* UIApplication+Extensions.swift in Sources */,
				70863E062068C5CD0019CF27 /* UIAlertController+Extensions.swift in Sources */,
				70863E252068C5CD0019CF27 /* Assets.swift in Sources */,
				70863E282068C5CD0019CF27 /* PhotoLayout.swift in Sources */,
				70863E0E2068C5CD0019CF27 /* UITextView+Extensions.swift in Sources */,
				70863E1A2068C5CD0019CF27 /* LocalePickerViewController.swift in Sources */,
				70D785C12057EFA4002483F1 /* BaseViewController.swift in Sources */,
				70863E032068C5CD0019CF27 /* Locale+Extensions.swift in Sources */,
				70863E2A2068C5CD0019CF27 /* ItemWithPhoto.swift in Sources */,
				70863E142068C5CD0019CF27 /* Contact.swift in Sources */,
				70CEADD02059593200CD2900 /* SignUpViewController.swift in Sources */,
				70863E312068C5CD0019CF27 /* GradientSlider.swift in Sources */,
				709DF566207F988400D3C522 /* CallTheRollManager.swift in Sources */,
				70863E1E2068C5CD0019CF27 /* CurrencyCell.swift in Sources */,
				70D8F2942059388F0059A24E /* Commons.swift in Sources */,
				70863E1D2068C5CD0019CF27 /* CountryCell.swift in Sources */,
				7011F3D8205A89A6007B9AD4 /* AccountManager.swift in Sources */,
				70863E182068C5CD0019CF27 /* ItemWithImage.swift in Sources */,
				70863E332068C5CD0019CF27 /* SegmentedControl.swift in Sources */,
				70863E0F2068C5CD0019CF27 /* UIView+Extensions.swift in Sources */,
				70863E342068C5CD0019CF27 /* TextField.swift in Sources */,
				70863E102068C5CD0019CF27 /* UIViewController+Extensions.swift in Sources */,
				700A62EF205E8C1200AFDD18 /* CreatClassController.swift in Sources */,
				70863E272068C5CD0019CF27 /* PickerViewViewController.swift in Sources */,
				70D7858E2057EE98002483F1 /* AppDelegate.swift in Sources */,
				70863E302068C5CD0019CF27 /* Button.swift in Sources */,
				70D8F2A7205947870059A24E /* InputView.swift in Sources */,
				70863E222068C5CD0019CF27 /* SearchHistoryManager.swift in Sources */,
				70F5B654206A6CFB00EEADE6 /* ClassStudentCell.swift in Sources */,
				70863E0B2068C5CD0019CF27 /* UISearchBar+Extensions.swift in Sources */,
				70863DAD2068C1200019CF27 /* ClassTimeManager.swift in Sources */,
				70863E0A2068C5CD0019CF27 /* UIImageView+Extensions.swift in Sources */,
				708043112078A68C005F7675 /* ClassManager.swift in Sources */,
				70863E052068C5CD0019CF27 /* String+Extensions.swift in Sources */,
				703F26B520810DE800AD7FB4 /* AttendanceManager.swift in Sources */,
				70863E042068C5CD0019CF27 /* Optional+Extensions.swift in Sources */,
				70863E092068C5CD0019CF27 /* UIImage+Extensions.swift in Sources */,
				70863E162068C5CD0019CF27 /* DatePickerViewController.swift in Sources */,
				70863E292068C5CD0019CF27 /* TelegramPickerViewController.swift in Sources */,
				70D785C72057F0B2002483F1 /* UserModel.swift in Sources */,
				70863E262068C5CD0019CF27 /* PhotoLibraryPickerViewController.swift in Sources */,
				70863E132068C5CD0019CF27 /* Contacts.swift in Sources */,
				70D785C52057EFDF002483F1 /* HomeViewController.swift in Sources */,
				70AF2E91207B46C700A58F3A /* MyClassCell.swift in Sources */,
				709C8E1C2081DBBC00AF1821 /* CellAnimation.swift in Sources */,
				70863E322068C5CD0019CF27 /* Label.swift in Sources */,
				50D93EAAF56536756D632C9A /* StudentManager.swift in Sources */,
			);
			runOnlyForDeploymentPostprocessing = 0;
		};
		70D7859A2057EE98002483F1 /* Sources */ = {
			isa = PBXSourcesBuildPhase;
			buildActionMask = 2147483647;
			files = (
				70D785A32057EE98002483F1 /* ClassAttendanceTests.swift in Sources */,
			);
			runOnlyForDeploymentPostprocessing = 0;
		};
		70D785A52057EE99002483F1 /* Sources */ = {
			isa = PBXSourcesBuildPhase;
			buildActionMask = 2147483647;
			files = (
				70D785AE2057EE99002483F1 /* ClassAttendanceUITests.swift in Sources */,
			);
			runOnlyForDeploymentPostprocessing = 0;
		};
/* End PBXSourcesBuildPhase section */

/* Begin PBXTargetDependency section */
		70D785A02057EE98002483F1 /* PBXTargetDependency */ = {
			isa = PBXTargetDependency;
			target = 70D785892057EE98002483F1 /* ClassAttendance */;
			targetProxy = 70D7859F2057EE98002483F1 /* PBXContainerItemProxy */;
		};
		70D785AB2057EE99002483F1 /* PBXTargetDependency */ = {
			isa = PBXTargetDependency;
			target = 70D785892057EE98002483F1 /* ClassAttendance */;
			targetProxy = 70D785AA2057EE99002483F1 /* PBXContainerItemProxy */;
		};
/* End PBXTargetDependency section */

/* Begin PBXVariantGroup section */
		70D785912057EE98002483F1 /* Main.storyboard */ = {
			isa = PBXVariantGroup;
			children = (
				70D785922057EE98002483F1 /* Base */,
			);
			name = Main.storyboard;
			sourceTree = "<group>";
		};
		70D785962057EE98002483F1 /* LaunchScreen.storyboard */ = {
			isa = PBXVariantGroup;
			children = (
				70D785972057EE98002483F1 /* Base */,
			);
			name = LaunchScreen.storyboard;
			sourceTree = "<group>";
		};
/* End PBXVariantGroup section */

/* Begin XCBuildConfiguration section */
		70D785B02057EE99002483F1 /* Debug */ = {
			isa = XCBuildConfiguration;
			buildSettings = {
				ALWAYS_SEARCH_USER_PATHS = NO;
				CLANG_ANALYZER_NONNULL = YES;
				CLANG_ANALYZER_NUMBER_OBJECT_CONVERSION = YES_AGGRESSIVE;
				CLANG_CXX_LANGUAGE_STANDARD = "gnu++14";
				CLANG_CXX_LIBRARY = "libc++";
				CLANG_ENABLE_MODULES = YES;
				CLANG_ENABLE_OBJC_ARC = YES;
				CLANG_WARN_BLOCK_CAPTURE_AUTORELEASING = YES;
				CLANG_WARN_BOOL_CONVERSION = YES;
				CLANG_WARN_COMMA = YES;
				CLANG_WARN_CONSTANT_CONVERSION = YES;
				CLANG_WARN_DIRECT_OBJC_ISA_USAGE = YES_ERROR;
				CLANG_WARN_DOCUMENTATION_COMMENTS = YES;
				CLANG_WARN_EMPTY_BODY = YES;
				CLANG_WARN_ENUM_CONVERSION = YES;
				CLANG_WARN_INFINITE_RECURSION = YES;
				CLANG_WARN_INT_CONVERSION = YES;
				CLANG_WARN_NON_LITERAL_NULL_CONVERSION = YES;
				CLANG_WARN_OBJC_LITERAL_CONVERSION = YES;
				CLANG_WARN_OBJC_ROOT_CLASS = YES_ERROR;
				CLANG_WARN_RANGE_LOOP_ANALYSIS = YES;
				CLANG_WARN_STRICT_PROTOTYPES = YES;
				CLANG_WARN_SUSPICIOUS_MOVE = YES;
				CLANG_WARN_UNGUARDED_AVAILABILITY = YES_AGGRESSIVE;
				CLANG_WARN_UNREACHABLE_CODE = YES;
				CLANG_WARN__DUPLICATE_METHOD_MATCH = YES;
				CODE_SIGN_IDENTITY = "iPhone Developer";
				COPY_PHASE_STRIP = NO;
				DEBUG_INFORMATION_FORMAT = dwarf;
				ENABLE_STRICT_OBJC_MSGSEND = YES;
				ENABLE_TESTABILITY = YES;
				GCC_C_LANGUAGE_STANDARD = gnu11;
				GCC_DYNAMIC_NO_PIC = NO;
				GCC_NO_COMMON_BLOCKS = YES;
				GCC_OPTIMIZATION_LEVEL = 0;
				GCC_PREPROCESSOR_DEFINITIONS = (
					"DEBUG=1",
					"$(inherited)",
				);
				GCC_WARN_64_TO_32_BIT_CONVERSION = YES;
				GCC_WARN_ABOUT_RETURN_TYPE = YES_ERROR;
				GCC_WARN_UNDECLARED_SELECTOR = YES;
				GCC_WARN_UNINITIALIZED_AUTOS = YES_AGGRESSIVE;
				GCC_WARN_UNUSED_FUNCTION = YES;
				GCC_WARN_UNUSED_VARIABLE = YES;
				IPHONEOS_DEPLOYMENT_TARGET = 11.2;
				MTL_ENABLE_DEBUG_INFO = YES;
				ONLY_ACTIVE_ARCH = YES;
				SDKROOT = iphoneos;
				SWIFT_ACTIVE_COMPILATION_CONDITIONS = DEBUG;
				SWIFT_OPTIMIZATION_LEVEL = "-Onone";
			};
			name = Debug;
		};
		70D785B12057EE99002483F1 /* Release */ = {
			isa = XCBuildConfiguration;
			buildSettings = {
				ALWAYS_SEARCH_USER_PATHS = NO;
				CLANG_ANALYZER_NONNULL = YES;
				CLANG_ANALYZER_NUMBER_OBJECT_CONVERSION = YES_AGGRESSIVE;
				CLANG_CXX_LANGUAGE_STANDARD = "gnu++14";
				CLANG_CXX_LIBRARY = "libc++";
				CLANG_ENABLE_MODULES = YES;
				CLANG_ENABLE_OBJC_ARC = YES;
				CLANG_WARN_BLOCK_CAPTURE_AUTORELEASING = YES;
				CLANG_WARN_BOOL_CONVERSION = YES;
				CLANG_WARN_COMMA = YES;
				CLANG_WARN_CONSTANT_CONVERSION = YES;
				CLANG_WARN_DIRECT_OBJC_ISA_USAGE = YES_ERROR;
				CLANG_WARN_DOCUMENTATION_COMMENTS = YES;
				CLANG_WARN_EMPTY_BODY = YES;
				CLANG_WARN_ENUM_CONVERSION = YES;
				CLANG_WARN_INFINITE_RECURSION = YES;
				CLANG_WARN_INT_CONVERSION = YES;
				CLANG_WARN_NON_LITERAL_NULL_CONVERSION = YES;
				CLANG_WARN_OBJC_LITERAL_CONVERSION = YES;
				CLANG_WARN_OBJC_ROOT_CLASS = YES_ERROR;
				CLANG_WARN_RANGE_LOOP_ANALYSIS = YES;
				CLANG_WARN_STRICT_PROTOTYPES = YES;
				CLANG_WARN_SUSPICIOUS_MOVE = YES;
				CLANG_WARN_UNGUARDED_AVAILABILITY = YES_AGGRESSIVE;
				CLANG_WARN_UNREACHABLE_CODE = YES;
				CLANG_WARN__DUPLICATE_METHOD_MATCH = YES;
				CODE_SIGN_IDENTITY = "iPhone Developer";
				COPY_PHASE_STRIP = NO;
				DEBUG_INFORMATION_FORMAT = "dwarf-with-dsym";
				ENABLE_NS_ASSERTIONS = NO;
				ENABLE_STRICT_OBJC_MSGSEND = YES;
				GCC_C_LANGUAGE_STANDARD = gnu11;
				GCC_NO_COMMON_BLOCKS = YES;
				GCC_WARN_64_TO_32_BIT_CONVERSION = YES;
				GCC_WARN_ABOUT_RETURN_TYPE = YES_ERROR;
				GCC_WARN_UNDECLARED_SELECTOR = YES;
				GCC_WARN_UNINITIALIZED_AUTOS = YES_AGGRESSIVE;
				GCC_WARN_UNUSED_FUNCTION = YES;
				GCC_WARN_UNUSED_VARIABLE = YES;
				IPHONEOS_DEPLOYMENT_TARGET = 11.2;
				MTL_ENABLE_DEBUG_INFO = NO;
				SDKROOT = iphoneos;
				SWIFT_OPTIMIZATION_LEVEL = "-Owholemodule";
				VALIDATE_PRODUCT = YES;
			};
			name = Release;
		};
		70D785B32057EE99002483F1 /* Debug */ = {
			isa = XCBuildConfiguration;
			baseConfigurationReference = EECC1F8C7E9208458B74965B /* Pods-ClassAttendance.debug.xcconfig */;
			buildSettings = {
				ASSETCATALOG_COMPILER_APPICON_NAME = AppIcon;
				CODE_SIGN_STYLE = Automatic;
				DEVELOPMENT_TEAM = 7523YW79F8;
				INFOPLIST_FILE = ClassAttendance/Info.plist;
				LD_RUNPATH_SEARCH_PATHS = "$(inherited) @executable_path/Frameworks";
				PRODUCT_BUNDLE_IDENTIFIER = SoolyChristina.ClassAttendance;
				PRODUCT_NAME = "$(TARGET_NAME)";
				SWIFT_VERSION = 4.0;
				TARGETED_DEVICE_FAMILY = "1,2";
			};
			name = Debug;
		};
		70D785B42057EE99002483F1 /* Release */ = {
			isa = XCBuildConfiguration;
			baseConfigurationReference = 8AD6FBD6A2B09B440665B694 /* Pods-ClassAttendance.release.xcconfig */;
			buildSettings = {
				ASSETCATALOG_COMPILER_APPICON_NAME = AppIcon;
				CODE_SIGN_STYLE = Automatic;
				DEVELOPMENT_TEAM = 7523YW79F8;
				INFOPLIST_FILE = ClassAttendance/Info.plist;
				LD_RUNPATH_SEARCH_PATHS = "$(inherited) @executable_path/Frameworks";
				PRODUCT_BUNDLE_IDENTIFIER = SoolyChristina.ClassAttendance;
				PRODUCT_NAME = "$(TARGET_NAME)";
				SWIFT_VERSION = 4.0;
				TARGETED_DEVICE_FAMILY = "1,2";
			};
			name = Release;
		};
		70D785B62057EE99002483F1 /* Debug */ = {
			isa = XCBuildConfiguration;
			baseConfigurationReference = 13AD5BF719D676565BC45A2B /* Pods-ClassAttendanceTests.debug.xcconfig */;
			buildSettings = {
				ALWAYS_EMBED_SWIFT_STANDARD_LIBRARIES = YES;
				BUNDLE_LOADER = "$(TEST_HOST)";
				CODE_SIGN_STYLE = Automatic;
				DEVELOPMENT_TEAM = 7523YW79F8;
				INFOPLIST_FILE = ClassAttendanceTests/Info.plist;
				LD_RUNPATH_SEARCH_PATHS = "$(inherited) @executable_path/Frameworks @loader_path/Frameworks";
				PRODUCT_BUNDLE_IDENTIFIER = SoolyChristina.ClassAttendanceTests;
				PRODUCT_NAME = "$(TARGET_NAME)";
				SWIFT_VERSION = 4.0;
				TARGETED_DEVICE_FAMILY = "1,2";
				TEST_HOST = "$(BUILT_PRODUCTS_DIR)/ClassAttendance.app/ClassAttendance";
			};
			name = Debug;
		};
		70D785B72057EE99002483F1 /* Release */ = {
			isa = XCBuildConfiguration;
			baseConfigurationReference = 7BD64143A9737162388AFD7F /* Pods-ClassAttendanceTests.release.xcconfig */;
			buildSettings = {
				ALWAYS_EMBED_SWIFT_STANDARD_LIBRARIES = YES;
				BUNDLE_LOADER = "$(TEST_HOST)";
				CODE_SIGN_STYLE = Automatic;
				DEVELOPMENT_TEAM = 7523YW79F8;
				INFOPLIST_FILE = ClassAttendanceTests/Info.plist;
				LD_RUNPATH_SEARCH_PATHS = "$(inherited) @executable_path/Frameworks @loader_path/Frameworks";
				PRODUCT_BUNDLE_IDENTIFIER = SoolyChristina.ClassAttendanceTests;
				PRODUCT_NAME = "$(TARGET_NAME)";
				SWIFT_VERSION = 4.0;
				TARGETED_DEVICE_FAMILY = "1,2";
				TEST_HOST = "$(BUILT_PRODUCTS_DIR)/ClassAttendance.app/ClassAttendance";
			};
			name = Release;
		};
		70D785B92057EE99002483F1 /* Debug */ = {
			isa = XCBuildConfiguration;
			baseConfigurationReference = 8B45B01C82AE9638A2E4D560 /* Pods-ClassAttendanceUITests.debug.xcconfig */;
			buildSettings = {
				ALWAYS_EMBED_SWIFT_STANDARD_LIBRARIES = YES;
				CODE_SIGN_STYLE = Automatic;
				DEVELOPMENT_TEAM = 7523YW79F8;
				INFOPLIST_FILE = ClassAttendanceUITests/Info.plist;
				LD_RUNPATH_SEARCH_PATHS = "$(inherited) @executable_path/Frameworks @loader_path/Frameworks";
				PRODUCT_BUNDLE_IDENTIFIER = SoolyChristina.ClassAttendanceUITests;
				PRODUCT_NAME = "$(TARGET_NAME)";
				SWIFT_VERSION = 4.0;
				TARGETED_DEVICE_FAMILY = "1,2";
				TEST_TARGET_NAME = ClassAttendance;
			};
			name = Debug;
		};
		70D785BA2057EE99002483F1 /* Release */ = {
			isa = XCBuildConfiguration;
			baseConfigurationReference = 4B8B930EFB95504CF536AE70 /* Pods-ClassAttendanceUITests.release.xcconfig */;
			buildSettings = {
				ALWAYS_EMBED_SWIFT_STANDARD_LIBRARIES = YES;
				CODE_SIGN_STYLE = Automatic;
				DEVELOPMENT_TEAM = 7523YW79F8;
				INFOPLIST_FILE = ClassAttendanceUITests/Info.plist;
				LD_RUNPATH_SEARCH_PATHS = "$(inherited) @executable_path/Frameworks @loader_path/Frameworks";
				PRODUCT_BUNDLE_IDENTIFIER = SoolyChristina.ClassAttendanceUITests;
				PRODUCT_NAME = "$(TARGET_NAME)";
				SWIFT_VERSION = 4.0;
				TARGETED_DEVICE_FAMILY = "1,2";
				TEST_TARGET_NAME = ClassAttendance;
			};
			name = Release;
		};
/* End XCBuildConfiguration section */

/* Begin XCConfigurationList section */
		70D785852057EE98002483F1 /* Build configuration list for PBXProject "ClassAttendance" */ = {
			isa = XCConfigurationList;
			buildConfigurations = (
				70D785B02057EE99002483F1 /* Debug */,
				70D785B12057EE99002483F1 /* Release */,
			);
			defaultConfigurationIsVisible = 0;
			defaultConfigurationName = Release;
		};
		70D785B22057EE99002483F1 /* Build configuration list for PBXNativeTarget "ClassAttendance" */ = {
			isa = XCConfigurationList;
			buildConfigurations = (
				70D785B32057EE99002483F1 /* Debug */,
				70D785B42057EE99002483F1 /* Release */,
			);
			defaultConfigurationIsVisible = 0;
			defaultConfigurationName = Release;
		};
		70D785B52057EE99002483F1 /* Build configuration list for PBXNativeTarget "ClassAttendanceTests" */ = {
			isa = XCConfigurationList;
			buildConfigurations = (
				70D785B62057EE99002483F1 /* Debug */,
				70D785B72057EE99002483F1 /* Release */,
			);
			defaultConfigurationIsVisible = 0;
			defaultConfigurationName = Release;
		};
		70D785B82057EE99002483F1 /* Build configuration list for PBXNativeTarget "ClassAttendanceUITests" */ = {
			isa = XCConfigurationList;
			buildConfigurations = (
				70D785B92057EE99002483F1 /* Debug */,
				70D785BA2057EE99002483F1 /* Release */,
			);
			defaultConfigurationIsVisible = 0;
			defaultConfigurationName = Release;
		};
/* End XCConfigurationList section */
	};
	rootObject = 70D785822057EE98002483F1 /* Project object */;
}
